// !$*UTF8*$!
{
	archiveVersion = 1;
	classes = {
	};
	objectVersion = 50;
	objects = {

/* Begin PBXBuildFile section */
		26339019248607240042D227 /* AirborneScriptState.cpp in Sources */ = {isa = PBXBuildFile; fileRef = 26339017248607240042D227 /* AirborneScriptState.cpp */; };
		263B4714246343C8006CAA16 /* OfflineNetworkController.cpp in Sources */ = {isa = PBXBuildFile; fileRef = 263B4712246343C8006CAA16 /* OfflineNetworkController.cpp */; };
		263B471724634446006CAA16 /* OfflineGameController.cpp in Sources */ = {isa = PBXBuildFile; fileRef = 263B471524634446006CAA16 /* OfflineGameController.cpp */; };
		263ED2CB246071BE006748DA /* NetworkController.cpp in Sources */ = {isa = PBXBuildFile; fileRef = 263ED2C9246071BE006748DA /* NetworkController.cpp */; };
		2644147C24832F9400605E1E /* NeutralAir.msl in Resources */ = {isa = PBXBuildFile; fileRef = 2644147B24832F9400605E1E /* NeutralAir.msl */; };
		2644148024832FD000605E1E /* MoveLoader.cpp in Sources */ = {isa = PBXBuildFile; fileRef = 2644147E24832FD000605E1E /* MoveLoader.cpp */; };
		264612242482F904008C4494 /* MslParser.cpp in Sources */ = {isa = PBXBuildFile; fileRef = 264612222482F904008C4494 /* MslParser.cpp */; };
		2682B6942458B5650096E3E9 /* SpriteLoader.cpp in Sources */ = {isa = PBXBuildFile; fileRef = 2682B6922458B5650096E3E9 /* SpriteLoader.cpp */; };
		2687FCCE245A5FD900D83999 /* dash_10.png in Resources */ = {isa = PBXBuildFile; fileRef = 2687FCC3245A5FD800D83999 /* dash_10.png */; };
		2687FCCF245A5FD900D83999 /* dash_7.png in Resources */ = {isa = PBXBuildFile; fileRef = 2687FCC4245A5FD800D83999 /* dash_7.png */; };
		2687FCD0245A5FD900D83999 /* dash_9.png in Resources */ = {isa = PBXBuildFile; fileRef = 2687FCC5245A5FD800D83999 /* dash_9.png */; };
		2687FCD1245A5FD900D83999 /* dash_0.png in Resources */ = {isa = PBXBuildFile; fileRef = 2687FCC6245A5FD800D83999 /* dash_0.png */; };
		2687FCD2245A5FD900D83999 /* dash_2.png in Resources */ = {isa = PBXBuildFile; fileRef = 2687FCC7245A5FD800D83999 /* dash_2.png */; };
		2687FCD3245A5FD900D83999 /* dash_4.png in Resources */ = {isa = PBXBuildFile; fileRef = 2687FCC8245A5FD800D83999 /* dash_4.png */; };
		2687FCD4245A5FD900D83999 /* dash_1.png in Resources */ = {isa = PBXBuildFile; fileRef = 2687FCC9245A5FD800D83999 /* dash_1.png */; };
		2687FCD5245A5FD900D83999 /* dash_5.png in Resources */ = {isa = PBXBuildFile; fileRef = 2687FCCA245A5FD800D83999 /* dash_5.png */; };
		2687FCD6245A5FD900D83999 /* dash_3.png in Resources */ = {isa = PBXBuildFile; fileRef = 2687FCCB245A5FD800D83999 /* dash_3.png */; };
		2687FCD7245A5FD900D83999 /* dash_6.png in Resources */ = {isa = PBXBuildFile; fileRef = 2687FCCC245A5FD900D83999 /* dash_6.png */; };
		2687FCD8245A5FD900D83999 /* dash_8.png in Resources */ = {isa = PBXBuildFile; fileRef = 2687FCCD245A5FD900D83999 /* dash_8.png */; };
		26C589F22455276500D854F5 /* player.png in Resources */ = {isa = PBXBuildFile; fileRef = 26C589F02455276500D854F5 /* player.png */; };
		26C589F32455276500D854F5 /* stage.png in Resources */ = {isa = PBXBuildFile; fileRef = 26C589F12455276500D854F5 /* stage.png */; };
		26D1489B245949EC0098DD6A /* MathHelper.cpp in Sources */ = {isa = PBXBuildFile; fileRef = 26D14899245949EC0098DD6A /* MathHelper.cpp */; };
		26D4F7942482CD6100B54F64 /* Character.cpp in Sources */ = {isa = PBXBuildFile; fileRef = 26D4F7912482CD6100B54F64 /* Character.cpp */; };
		26D4F7972482CD6F00B54F64 /* PhysicsEngine.cpp in Sources */ = {isa = PBXBuildFile; fileRef = 26D4F7962482CD6F00B54F64 /* PhysicsEngine.cpp */; };
		26D4F7B22482CE7700B54F64 /* AirborneNeutralState.cpp in Sources */ = {isa = PBXBuildFile; fileRef = 26D4F7AD2482CE7700B54F64 /* AirborneNeutralState.cpp */; };
		26D4F7B32482CE7700B54F64 /* AirdodgeState.cpp in Sources */ = {isa = PBXBuildFile; fileRef = 26D4F7AF2482CE7700B54F64 /* AirdodgeState.cpp */; };
		26D4F7BF2482CE8100B54F64 /* NeutralState.cpp in Sources */ = {isa = PBXBuildFile; fileRef = 26D4F7B42482CE8000B54F64 /* NeutralState.cpp */; };
		26D4F7C02482CE8100B54F64 /* JumpsquatState.cpp in Sources */ = {isa = PBXBuildFile; fileRef = 26D4F7B82482CE8000B54F64 /* JumpsquatState.cpp */; };
		26D4F7C12482CE8100B54F64 /* DashState.cpp in Sources */ = {isa = PBXBuildFile; fileRef = 26D4F7B92482CE8000B54F64 /* DashState.cpp */; };
		26D4F7C22482CE8100B54F64 /* LandingLagState.cpp in Sources */ = {isa = PBXBuildFile; fileRef = 26D4F7BD2482CE8100B54F64 /* LandingLagState.cpp */; };
		26D4F7C32482CE8100B54F64 /* TurnaroundState.cpp in Sources */ = {isa = PBXBuildFile; fileRef = 26D4F7BE2482CE8100B54F64 /* TurnaroundState.cpp */; };
		26D4F7C82482CF5900B54F64 /* MslInterpreter.cpp in Sources */ = {isa = PBXBuildFile; fileRef = 26D4F7C62482CF5900B54F64 /* MslInterpreter.cpp */; };
		26D4F7CB2482D02500B54F64 /* MslScanner.cpp in Sources */ = {isa = PBXBuildFile; fileRef = 26D4F7C92482D02500B54F64 /* MslScanner.cpp */; };
		26D81F2D245549AB00CEAB55 /* icon.png in Resources */ = {isa = PBXBuildFile; fileRef = 26DE8461245368AD003D05FE /* icon.png */; };
		26DE8456245368AD003D05FE /* ResourcePath.mm in Sources */ = {isa = PBXBuildFile; fileRef = 26DE8455245368AD003D05FE /* ResourcePath.mm */; };
		26DE8459245368AD003D05FE /* main.cpp in Sources */ = {isa = PBXBuildFile; fileRef = 26DE8458245368AD003D05FE /* main.cpp */; };
		26DE846A24537D4A003D05FE /* GameController.cpp in Sources */ = {isa = PBXBuildFile; fileRef = 26DE846824537D4A003D05FE /* GameController.cpp */; };
		26FE2E3324563D4600051897 /* platform.png in Resources */ = {isa = PBXBuildFile; fileRef = 26FE2E3224563D4500051897 /* platform.png */; };
/* End PBXBuildFile section */

/* Begin PBXFileReference section */
		263390162484C9AF0042D227 /* ASTPrintVisitor.h */ = {isa = PBXFileReference; lastKnownFileType = sourcecode.c.h; path = ASTPrintVisitor.h; sourceTree = "<group>"; };
		26339017248607240042D227 /* AirborneScriptState.cpp */ = {isa = PBXFileReference; lastKnownFileType = sourcecode.cpp.cpp; path = AirborneScriptState.cpp; sourceTree = "<group>"; };
		26339018248607240042D227 /* AirborneScriptState.hpp */ = {isa = PBXFileReference; lastKnownFileType = sourcecode.cpp.h; path = AirborneScriptState.hpp; sourceTree = "<group>"; };
		263B4712246343C8006CAA16 /* OfflineNetworkController.cpp */ = {isa = PBXFileReference; lastKnownFileType = sourcecode.cpp.cpp; path = OfflineNetworkController.cpp; sourceTree = "<group>"; };
		263B4713246343C8006CAA16 /* OfflineNetworkController.hpp */ = {isa = PBXFileReference; lastKnownFileType = sourcecode.cpp.h; path = OfflineNetworkController.hpp; sourceTree = "<group>"; };
		263B471524634446006CAA16 /* OfflineGameController.cpp */ = {isa = PBXFileReference; lastKnownFileType = sourcecode.cpp.cpp; path = OfflineGameController.cpp; sourceTree = "<group>"; };
		263B471624634446006CAA16 /* OfflineGameController.hpp */ = {isa = PBXFileReference; lastKnownFileType = sourcecode.cpp.h; path = OfflineGameController.hpp; sourceTree = "<group>"; };
		263ED2C9246071BE006748DA /* NetworkController.cpp */ = {isa = PBXFileReference; lastKnownFileType = sourcecode.cpp.cpp; path = NetworkController.cpp; sourceTree = "<group>"; };
		263ED2CA246071BE006748DA /* NetworkController.hpp */ = {isa = PBXFileReference; lastKnownFileType = sourcecode.cpp.h; path = NetworkController.hpp; sourceTree = "<group>"; };
		264414782483260100605E1E /* Times.h */ = {isa = PBXFileReference; lastKnownFileType = sourcecode.c.h; path = Times.h; sourceTree = "<group>"; };
		264414792483262800605E1E /* Divide.h */ = {isa = PBXFileReference; lastKnownFileType = sourcecode.c.h; path = Divide.h; sourceTree = "<group>"; };
		2644147B24832F9400605E1E /* NeutralAir.msl */ = {isa = PBXFileReference; lastKnownFileType = text; path = NeutralAir.msl; sourceTree = "<group>"; };
		2644147E24832FD000605E1E /* MoveLoader.cpp */ = {isa = PBXFileReference; lastKnownFileType = sourcecode.cpp.cpp; path = MoveLoader.cpp; sourceTree = "<group>"; };
		2644147F24832FD000605E1E /* MoveLoader.hpp */ = {isa = PBXFileReference; lastKnownFileType = sourcecode.cpp.h; path = MoveLoader.hpp; sourceTree = "<group>"; };
		264612212482F714008C4494 /* Msl.hpp */ = {isa = PBXFileReference; lastKnownFileType = sourcecode.cpp.h; path = Msl.hpp; sourceTree = "<group>"; };
		264612222482F904008C4494 /* MslParser.cpp */ = {isa = PBXFileReference; lastKnownFileType = sourcecode.cpp.cpp; path = MslParser.cpp; sourceTree = "<group>"; };
		264612232482F904008C4494 /* MslParser.hpp */ = {isa = PBXFileReference; lastKnownFileType = sourcecode.cpp.h; path = MslParser.hpp; sourceTree = "<group>"; };
		264612262482F990008C4494 /* Func.h */ = {isa = PBXFileReference; lastKnownFileType = sourcecode.c.h; path = Func.h; sourceTree = "<group>"; };
		264612272482FAC4008C4494 /* Statement.h */ = {isa = PBXFileReference; lastKnownFileType = sourcecode.c.h; path = Statement.h; sourceTree = "<group>"; };
		264612282482FADF008C4494 /* AssignStatement.h */ = {isa = PBXFileReference; lastKnownFileType = sourcecode.c.h; path = AssignStatement.h; sourceTree = "<group>"; };
		264612292482FB97008C4494 /* Expression.h */ = {isa = PBXFileReference; lastKnownFileType = sourcecode.c.h; path = Expression.h; sourceTree = "<group>"; };
		2646122A2482FBBD008C4494 /* SwitchStatement.h */ = {isa = PBXFileReference; lastKnownFileType = sourcecode.c.h; path = SwitchStatement.h; sourceTree = "<group>"; };
		2646122D2482FC43008C4494 /* Block.h */ = {isa = PBXFileReference; lastKnownFileType = sourcecode.c.h; path = Block.h; sourceTree = "<group>"; };
		2646122E2482FC8A008C4494 /* Plus.h */ = {isa = PBXFileReference; lastKnownFileType = sourcecode.c.h; path = Plus.h; sourceTree = "<group>"; };
		2646122F2482FCB3008C4494 /* Minus.h */ = {isa = PBXFileReference; lastKnownFileType = sourcecode.c.h; path = Minus.h; sourceTree = "<group>"; };
		264612302482FCE4008C4494 /* Var.h */ = {isa = PBXFileReference; lastKnownFileType = sourcecode.c.h; path = Var.h; sourceTree = "<group>"; };
		264612312482FD01008C4494 /* IntLiteral.h */ = {isa = PBXFileReference; lastKnownFileType = sourcecode.c.h; path = IntLiteral.h; sourceTree = "<group>"; };
		264612322482FD22008C4494 /* StringLiteral.h */ = {isa = PBXFileReference; lastKnownFileType = sourcecode.c.h; path = StringLiteral.h; sourceTree = "<group>"; };
		2646123324830BC4008C4494 /* FunctionCall.h */ = {isa = PBXFileReference; lastKnownFileType = sourcecode.c.h; path = FunctionCall.h; sourceTree = "<group>"; };
		2682B68F245895BB0096E3E9 /* CameraController.hpp */ = {isa = PBXFileReference; lastKnownFileType = sourcecode.cpp.h; path = CameraController.hpp; sourceTree = "<group>"; };
		2682B6922458B5650096E3E9 /* SpriteLoader.cpp */ = {isa = PBXFileReference; lastKnownFileType = sourcecode.cpp.cpp; path = SpriteLoader.cpp; sourceTree = "<group>"; };
		2682B6932458B5650096E3E9 /* SpriteLoader.hpp */ = {isa = PBXFileReference; lastKnownFileType = sourcecode.cpp.h; path = SpriteLoader.hpp; sourceTree = "<group>"; };
		2687FCC3245A5FD800D83999 /* dash_10.png */ = {isa = PBXFileReference; lastKnownFileType = image.png; path = dash_10.png; sourceTree = "<group>"; };
		2687FCC4245A5FD800D83999 /* dash_7.png */ = {isa = PBXFileReference; lastKnownFileType = image.png; path = dash_7.png; sourceTree = "<group>"; };
		2687FCC5245A5FD800D83999 /* dash_9.png */ = {isa = PBXFileReference; lastKnownFileType = image.png; path = dash_9.png; sourceTree = "<group>"; };
		2687FCC6245A5FD800D83999 /* dash_0.png */ = {isa = PBXFileReference; lastKnownFileType = image.png; path = dash_0.png; sourceTree = "<group>"; };
		2687FCC7245A5FD800D83999 /* dash_2.png */ = {isa = PBXFileReference; lastKnownFileType = image.png; path = dash_2.png; sourceTree = "<group>"; };
		2687FCC8245A5FD800D83999 /* dash_4.png */ = {isa = PBXFileReference; lastKnownFileType = image.png; path = dash_4.png; sourceTree = "<group>"; };
		2687FCC9245A5FD800D83999 /* dash_1.png */ = {isa = PBXFileReference; lastKnownFileType = image.png; path = dash_1.png; sourceTree = "<group>"; };
		2687FCCA245A5FD800D83999 /* dash_5.png */ = {isa = PBXFileReference; lastKnownFileType = image.png; path = dash_5.png; sourceTree = "<group>"; };
		2687FCCB245A5FD800D83999 /* dash_3.png */ = {isa = PBXFileReference; lastKnownFileType = image.png; path = dash_3.png; sourceTree = "<group>"; };
		2687FCCC245A5FD900D83999 /* dash_6.png */ = {isa = PBXFileReference; lastKnownFileType = image.png; path = dash_6.png; sourceTree = "<group>"; };
		2687FCCD245A5FD900D83999 /* dash_8.png */ = {isa = PBXFileReference; lastKnownFileType = image.png; path = dash_8.png; sourceTree = "<group>"; };
		26AC1A76248427820025B15D /* ASTVisitor.h */ = {isa = PBXFileReference; lastKnownFileType = sourcecode.c.h; path = ASTVisitor.h; sourceTree = "<group>"; };
		26AE5F702453AFEA00862C68 /* Event.hpp */ = {isa = PBXFileReference; lastKnownFileType = sourcecode.cpp.h; path = Event.hpp; sourceTree = "<group>"; };
		26C589F02455276500D854F5 /* player.png */ = {isa = PBXFileReference; lastKnownFileType = image.png; path = player.png; sourceTree = "<group>"; };
		26C589F12455276500D854F5 /* stage.png */ = {isa = PBXFileReference; lastKnownFileType = image.png; path = stage.png; sourceTree = "<group>"; };
		26D14899245949EC0098DD6A /* MathHelper.cpp */ = {isa = PBXFileReference; lastKnownFileType = sourcecode.cpp.cpp; path = MathHelper.cpp; sourceTree = "<group>"; };
		26D1489C24594B070098DD6A /* MathHelper.hpp */ = {isa = PBXFileReference; lastKnownFileType = sourcecode.cpp.h; path = MathHelper.hpp; sourceTree = "<group>"; };
		26D4F7912482CD6100B54F64 /* Character.cpp */ = {isa = PBXFileReference; fileEncoding = 4; lastKnownFileType = sourcecode.cpp.cpp; name = Character.cpp; path = Game/Character/Character.cpp; sourceTree = "<group>"; };
		26D4F7922482CD6100B54F64 /* Character.hpp */ = {isa = PBXFileReference; fileEncoding = 4; lastKnownFileType = sourcecode.cpp.h; name = Character.hpp; path = Game/Character/Character.hpp; sourceTree = "<group>"; };
		26D4F7932482CD6100B54F64 /* CharacterProperties.hpp */ = {isa = PBXFileReference; fileEncoding = 4; lastKnownFileType = sourcecode.cpp.h; name = CharacterProperties.hpp; path = Game/Character/CharacterProperties.hpp; sourceTree = "<group>"; };
		26D4F7952482CD6F00B54F64 /* PhysicsEngine.hpp */ = {isa = PBXFileReference; fileEncoding = 4; lastKnownFileType = sourcecode.cpp.h; name = PhysicsEngine.hpp; path = Game/Physics/PhysicsEngine.hpp; sourceTree = "<group>"; };
		26D4F7962482CD6F00B54F64 /* PhysicsEngine.cpp */ = {isa = PBXFileReference; fileEncoding = 4; lastKnownFileType = sourcecode.cpp.cpp; name = PhysicsEngine.cpp; path = Game/Physics/PhysicsEngine.cpp; sourceTree = "<group>"; };
		26D4F7982482CD8000B54F64 /* PlatformEntity.hpp */ = {isa = PBXFileReference; lastKnownFileType = sourcecode.cpp.h; name = PlatformEntity.hpp; path = Game/Entities/PlatformEntity.hpp; sourceTree = "<group>"; };
		26D4F7992482CD8000B54F64 /* BlankEntity.hpp */ = {isa = PBXFileReference; lastKnownFileType = sourcecode.cpp.h; name = BlankEntity.hpp; path = Game/Entities/BlankEntity.hpp; sourceTree = "<group>"; };
		26D4F79A2482CD8000B54F64 /* Entity.hpp */ = {isa = PBXFileReference; lastKnownFileType = sourcecode.cpp.h; name = Entity.hpp; path = Game/Entities/Entity.hpp; sourceTree = "<group>"; };
		26D4F79B2482CD8000B54F64 /* StageEntity.hpp */ = {isa = PBXFileReference; lastKnownFileType = sourcecode.cpp.h; name = StageEntity.hpp; path = Game/Entities/StageEntity.hpp; sourceTree = "<group>"; };
		26D4F7AC2482CE6A00B54F64 /* CharacterState.hpp */ = {isa = PBXFileReference; lastKnownFileType = sourcecode.cpp.h; name = CharacterState.hpp; path = "SFML-App/Game/Character/CharacterState/CharacterState.hpp"; sourceTree = SOURCE_ROOT; };
		26D4F7AD2482CE7700B54F64 /* AirborneNeutralState.cpp */ = {isa = PBXFileReference; fileEncoding = 4; lastKnownFileType = sourcecode.cpp.cpp; name = AirborneNeutralState.cpp; path = "SFML-App/Game/Character/CharacterState/Airborne/AirborneNeutralState.cpp"; sourceTree = SOURCE_ROOT; };
		26D4F7AE2482CE7700B54F64 /* AirborneNeutralState.hpp */ = {isa = PBXFileReference; fileEncoding = 4; lastKnownFileType = sourcecode.cpp.h; name = AirborneNeutralState.hpp; path = "SFML-App/Game/Character/CharacterState/Airborne/AirborneNeutralState.hpp"; sourceTree = SOURCE_ROOT; };
		26D4F7AF2482CE7700B54F64 /* AirdodgeState.cpp */ = {isa = PBXFileReference; fileEncoding = 4; lastKnownFileType = sourcecode.cpp.cpp; name = AirdodgeState.cpp; path = "SFML-App/Game/Character/CharacterState/Airborne/AirdodgeState.cpp"; sourceTree = SOURCE_ROOT; };
		26D4F7B02482CE7700B54F64 /* AirborneState.hpp */ = {isa = PBXFileReference; fileEncoding = 4; lastKnownFileType = sourcecode.cpp.h; name = AirborneState.hpp; path = "SFML-App/Game/Character/CharacterState/Airborne/AirborneState.hpp"; sourceTree = SOURCE_ROOT; };
		26D4F7B12482CE7700B54F64 /* AirdodgeState.hpp */ = {isa = PBXFileReference; fileEncoding = 4; lastKnownFileType = sourcecode.cpp.h; name = AirdodgeState.hpp; path = "SFML-App/Game/Character/CharacterState/Airborne/AirdodgeState.hpp"; sourceTree = SOURCE_ROOT; };
		26D4F7B42482CE8000B54F64 /* NeutralState.cpp */ = {isa = PBXFileReference; fileEncoding = 4; lastKnownFileType = sourcecode.cpp.cpp; name = NeutralState.cpp; path = "SFML-App/Game/Character/CharacterState/Grounded/NeutralState.cpp"; sourceTree = SOURCE_ROOT; };
		26D4F7B52482CE8000B54F64 /* GroundedState.hpp */ = {isa = PBXFileReference; fileEncoding = 4; lastKnownFileType = sourcecode.cpp.h; name = GroundedState.hpp; path = "SFML-App/Game/Character/CharacterState/Grounded/GroundedState.hpp"; sourceTree = SOURCE_ROOT; };
		26D4F7B62482CE8000B54F64 /* TurnaroundState.hpp */ = {isa = PBXFileReference; fileEncoding = 4; lastKnownFileType = sourcecode.cpp.h; name = TurnaroundState.hpp; path = "SFML-App/Game/Character/CharacterState/Grounded/TurnaroundState.hpp"; sourceTree = SOURCE_ROOT; };
		26D4F7B72482CE8000B54F64 /* NeutralState.hpp */ = {isa = PBXFileReference; fileEncoding = 4; lastKnownFileType = sourcecode.cpp.h; name = NeutralState.hpp; path = "SFML-App/Game/Character/CharacterState/Grounded/NeutralState.hpp"; sourceTree = SOURCE_ROOT; };
		26D4F7B82482CE8000B54F64 /* JumpsquatState.cpp */ = {isa = PBXFileReference; fileEncoding = 4; lastKnownFileType = sourcecode.cpp.cpp; name = JumpsquatState.cpp; path = "SFML-App/Game/Character/CharacterState/Grounded/JumpsquatState.cpp"; sourceTree = SOURCE_ROOT; };
		26D4F7B92482CE8000B54F64 /* DashState.cpp */ = {isa = PBXFileReference; fileEncoding = 4; lastKnownFileType = sourcecode.cpp.cpp; name = DashState.cpp; path = "SFML-App/Game/Character/CharacterState/Grounded/DashState.cpp"; sourceTree = SOURCE_ROOT; };
		26D4F7BA2482CE8100B54F64 /* DashState.hpp */ = {isa = PBXFileReference; fileEncoding = 4; lastKnownFileType = sourcecode.cpp.h; name = DashState.hpp; path = "SFML-App/Game/Character/CharacterState/Grounded/DashState.hpp"; sourceTree = SOURCE_ROOT; };
		26D4F7BB2482CE8100B54F64 /* JumpsquatState.hpp */ = {isa = PBXFileReference; fileEncoding = 4; lastKnownFileType = sourcecode.cpp.h; name = JumpsquatState.hpp; path = "SFML-App/Game/Character/CharacterState/Grounded/JumpsquatState.hpp"; sourceTree = SOURCE_ROOT; };
		26D4F7BC2482CE8100B54F64 /* LandingLagState.hpp */ = {isa = PBXFileReference; fileEncoding = 4; lastKnownFileType = sourcecode.cpp.h; name = LandingLagState.hpp; path = "SFML-App/Game/Character/CharacterState/Grounded/LandingLagState.hpp"; sourceTree = SOURCE_ROOT; };
		26D4F7BD2482CE8100B54F64 /* LandingLagState.cpp */ = {isa = PBXFileReference; fileEncoding = 4; lastKnownFileType = sourcecode.cpp.cpp; name = LandingLagState.cpp; path = "SFML-App/Game/Character/CharacterState/Grounded/LandingLagState.cpp"; sourceTree = SOURCE_ROOT; };
		26D4F7BE2482CE8100B54F64 /* TurnaroundState.cpp */ = {isa = PBXFileReference; fileEncoding = 4; lastKnownFileType = sourcecode.cpp.cpp; name = TurnaroundState.cpp; path = "SFML-App/Game/Character/CharacterState/Grounded/TurnaroundState.cpp"; sourceTree = SOURCE_ROOT; };
		26D4F7C52482CEBB00B54F64 /* PlayerInput.hpp */ = {isa = PBXFileReference; lastKnownFileType = sourcecode.cpp.h; name = PlayerInput.hpp; path = Setup/Input/PlayerInput.hpp; sourceTree = "<group>"; };
		26D4F7C62482CF5900B54F64 /* MslInterpreter.cpp */ = {isa = PBXFileReference; lastKnownFileType = sourcecode.cpp.cpp; path = MslInterpreter.cpp; sourceTree = "<group>"; };
		26D4F7C72482CF5900B54F64 /* MslInterpreter.hpp */ = {isa = PBXFileReference; lastKnownFileType = sourcecode.cpp.h; path = MslInterpreter.hpp; sourceTree = "<group>"; };
		26D4F7C92482D02500B54F64 /* MslScanner.cpp */ = {isa = PBXFileReference; lastKnownFileType = sourcecode.cpp.cpp; path = MslScanner.cpp; sourceTree = "<group>"; };
		26D4F7CA2482D02500B54F64 /* MslScanner.hpp */ = {isa = PBXFileReference; lastKnownFileType = sourcecode.cpp.h; path = MslScanner.hpp; sourceTree = "<group>"; };
		26DE8450245368AD003D05FE /* SFML-App.app */ = {isa = PBXFileReference; explicitFileType = wrapper.application; includeInIndex = 0; path = "SFML-App.app"; sourceTree = BUILT_PRODUCTS_DIR; };
		26DE8454245368AD003D05FE /* SFML-App-Info.plist */ = {isa = PBXFileReference; lastKnownFileType = text.plist.xml; name = "SFML-App-Info.plist"; path = "../SFML-App-Info.plist"; sourceTree = "<group>"; };
		26DE8455245368AD003D05FE /* ResourcePath.mm */ = {isa = PBXFileReference; lastKnownFileType = sourcecode.cpp.objcpp; path = ResourcePath.mm; sourceTree = "<group>"; };
		26DE8457245368AD003D05FE /* ResourcePath.hpp */ = {isa = PBXFileReference; lastKnownFileType = sourcecode.cpp.h; path = ResourcePath.hpp; sourceTree = "<group>"; };
		26DE8458245368AD003D05FE /* main.cpp */ = {isa = PBXFileReference; lastKnownFileType = sourcecode.cpp.cpp; path = main.cpp; sourceTree = "<group>"; };
		26DE8461245368AD003D05FE /* icon.png */ = {isa = PBXFileReference; lastKnownFileType = image.png; name = icon.png; path = ../icon.png; sourceTree = "<group>"; };
		26DE846824537D4A003D05FE /* GameController.cpp */ = {isa = PBXFileReference; lastKnownFileType = sourcecode.cpp.cpp; path = GameController.cpp; sourceTree = "<group>"; };
		26DE846924537D4A003D05FE /* GameController.hpp */ = {isa = PBXFileReference; lastKnownFileType = sourcecode.cpp.h; path = GameController.hpp; sourceTree = "<group>"; };
		26FE2E3224563D4500051897 /* platform.png */ = {isa = PBXFileReference; lastKnownFileType = image.png; path = platform.png; sourceTree = "<group>"; };
/* End PBXFileReference section */

/* Begin PBXFrameworksBuildPhase section */
		26DE844C245368AD003D05FE /* Frameworks */ = {
			isa = PBXFrameworksBuildPhase;
			buildActionMask = 2147483647;
			files = (
			);
			runOnlyForDeploymentPostprocessing = 0;
		};
/* End PBXFrameworksBuildPhase section */

/* Begin PBXGroup section */
		26384FED2456348F00C966A1 /* Physics */ = {
			isa = PBXGroup;
			children = (
				26D4F7952482CD6F00B54F64 /* PhysicsEngine.hpp */,
				26D4F7962482CD6F00B54F64 /* PhysicsEngine.cpp */,
			);
			name = Physics;
			path = ..;
			sourceTree = "<group>";
		};
		26384FEE2456349B00C966A1 /* Input */ = {
			isa = PBXGroup;
			children = (
				26D4F7C52482CEBB00B54F64 /* PlayerInput.hpp */,
			);
			name = Input;
			path = ..;
			sourceTree = "<group>";
		};
		2644147D24832FB900605E1E /* Loaders */ = {
			isa = PBXGroup;
			children = (
				2682B6932458B5650096E3E9 /* SpriteLoader.hpp */,
				2682B6922458B5650096E3E9 /* SpriteLoader.cpp */,
				2644147F24832FD000605E1E /* MoveLoader.hpp */,
				2644147E24832FD000605E1E /* MoveLoader.cpp */,
			);
			path = Loaders;
			sourceTree = "<group>";
		};
		264414812483357300605E1E /* Moves */ = {
			isa = PBXGroup;
			children = (
				2644147B24832F9400605E1E /* NeutralAir.msl */,
			);
			path = Moves;
			sourceTree = "<group>";
		};
		264612252482F941008C4494 /* AST */ = {
			isa = PBXGroup;
			children = (
				263390162484C9AF0042D227 /* ASTPrintVisitor.h */,
				26AC1A76248427820025B15D /* ASTVisitor.h */,
				264612262482F990008C4494 /* Func.h */,
				2646122B2482FBC4008C4494 /* Statements */,
				2646122C2482FBCE008C4494 /* Expressions */,
			);
			path = AST;
			sourceTree = "<group>";
		};
		2646122B2482FBC4008C4494 /* Statements */ = {
			isa = PBXGroup;
			children = (
				264612272482FAC4008C4494 /* Statement.h */,
				264612282482FADF008C4494 /* AssignStatement.h */,
				2646122A2482FBBD008C4494 /* SwitchStatement.h */,
				2646122D2482FC43008C4494 /* Block.h */,
				2646123324830BC4008C4494 /* FunctionCall.h */,
			);
			path = Statements;
			sourceTree = "<group>";
		};
		2646122C2482FBCE008C4494 /* Expressions */ = {
			isa = PBXGroup;
			children = (
				264612292482FB97008C4494 /* Expression.h */,
				2646122E2482FC8A008C4494 /* Plus.h */,
				2646122F2482FCB3008C4494 /* Minus.h */,
				264612302482FCE4008C4494 /* Var.h */,
				264612312482FD01008C4494 /* IntLiteral.h */,
				264612322482FD22008C4494 /* StringLiteral.h */,
				264414782483260100605E1E /* Times.h */,
				264414792483262800605E1E /* Divide.h */,
			);
			path = Expressions;
			sourceTree = "<group>";
		};
		2682B691245897EB0096E3E9 /* Character */ = {
			isa = PBXGroup;
			children = (
				26D4F7922482CD6100B54F64 /* Character.hpp */,
				26D4F7912482CD6100B54F64 /* Character.cpp */,
				26D4F7932482CD6100B54F64 /* CharacterProperties.hpp */,
				26D4F78F2482CBE400B54F64 /* CharacterState */,
			);
			name = Character;
			path = ..;
			sourceTree = "<group>";
		};
		2687FCC2245A5FC700D83999 /* Animations */ = {
			isa = PBXGroup;
			children = (
				2687FCC6245A5FD800D83999 /* dash_0.png */,
				2687FCC9245A5FD800D83999 /* dash_1.png */,
				2687FCC7245A5FD800D83999 /* dash_2.png */,
				2687FCCB245A5FD800D83999 /* dash_3.png */,
				2687FCC8245A5FD800D83999 /* dash_4.png */,
				2687FCCA245A5FD800D83999 /* dash_5.png */,
				2687FCCC245A5FD900D83999 /* dash_6.png */,
				2687FCC4245A5FD800D83999 /* dash_7.png */,
				2687FCCD245A5FD900D83999 /* dash_8.png */,
				2687FCC5245A5FD800D83999 /* dash_9.png */,
				2687FCC3245A5FD800D83999 /* dash_10.png */,
			);
			path = Animations;
			sourceTree = "<group>";
		};
		26B08BA42456025500E86352 /* Entities */ = {
			isa = PBXGroup;
			children = (
				26D4F7992482CD8000B54F64 /* BlankEntity.hpp */,
				26D4F79A2482CD8000B54F64 /* Entity.hpp */,
				26D4F7982482CD8000B54F64 /* PlatformEntity.hpp */,
				26D4F79B2482CD8000B54F64 /* StageEntity.hpp */,
			);
			name = Entities;
			path = ..;
			sourceTree = "<group>";
		};
		26D4F78C2482CBB100B54F64 /* Network */ = {
			isa = PBXGroup;
			children = (
				263ED2CA246071BE006748DA /* NetworkController.hpp */,
				263ED2C9246071BE006748DA /* NetworkController.cpp */,
				263B4713246343C8006CAA16 /* OfflineNetworkController.hpp */,
				263B4712246343C8006CAA16 /* OfflineNetworkController.cpp */,
			);
			path = Network;
			sourceTree = "<group>";
		};
		26D4F78D2482CBC100B54F64 /* Setup */ = {
			isa = PBXGroup;
			children = (
				26384FEE2456349B00C966A1 /* Input */,
				26DE8457245368AD003D05FE /* ResourcePath.hpp */,
				26DE8455245368AD003D05FE /* ResourcePath.mm */,
				26DE8458245368AD003D05FE /* main.cpp */,
				26D1489C24594B070098DD6A /* MathHelper.hpp */,
				26D14899245949EC0098DD6A /* MathHelper.cpp */,
			);
			path = Setup;
			sourceTree = "<group>";
		};
		26D4F78E2482CBC700B54F64 /* Game */ = {
			isa = PBXGroup;
			children = (
				2644147D24832FB900605E1E /* Loaders */,
				26DE846924537D4A003D05FE /* GameController.hpp */,
				26DE846824537D4A003D05FE /* GameController.cpp */,
				263B471624634446006CAA16 /* OfflineGameController.hpp */,
				263B471524634446006CAA16 /* OfflineGameController.cpp */,
				2682B68F245895BB0096E3E9 /* CameraController.hpp */,
				26384FED2456348F00C966A1 /* Physics */,
				2682B691245897EB0096E3E9 /* Character */,
				26B08BA42456025500E86352 /* Entities */,
			);
			path = Game;
			sourceTree = "<group>";
		};
		26D4F78F2482CBE400B54F64 /* CharacterState */ = {
			isa = PBXGroup;
			children = (
				26D4F7AC2482CE6A00B54F64 /* CharacterState.hpp */,
				26D4F7AB2482CE6300B54F64 /* Grounded */,
				26D4F7AA2482CE5E00B54F64 /* Airborne */,
			);
			path = CharacterState;
			sourceTree = "<group>";
		};
		26D4F7902482CC0900B54F64 /* ScriptingLanguage */ = {
			isa = PBXGroup;
			children = (
				264612212482F714008C4494 /* Msl.hpp */,
				26D4F7C72482CF5900B54F64 /* MslInterpreter.hpp */,
				26D4F7C62482CF5900B54F64 /* MslInterpreter.cpp */,
				264612232482F904008C4494 /* MslParser.hpp */,
				264612222482F904008C4494 /* MslParser.cpp */,
				26D4F7CA2482D02500B54F64 /* MslScanner.hpp */,
				26D4F7C92482D02500B54F64 /* MslScanner.cpp */,
				264612252482F941008C4494 /* AST */,
			);
			path = ScriptingLanguage;
			sourceTree = "<group>";
		};
		26D4F7AA2482CE5E00B54F64 /* Airborne */ = {
			isa = PBXGroup;
			children = (
				26D4F7B02482CE7700B54F64 /* AirborneState.hpp */,
				26D4F7AE2482CE7700B54F64 /* AirborneNeutralState.hpp */,
				26D4F7AD2482CE7700B54F64 /* AirborneNeutralState.cpp */,
				26D4F7B12482CE7700B54F64 /* AirdodgeState.hpp */,
				26D4F7AF2482CE7700B54F64 /* AirdodgeState.cpp */,
				26339018248607240042D227 /* AirborneScriptState.hpp */,
				26339017248607240042D227 /* AirborneScriptState.cpp */,
			);
			path = Airborne;
			sourceTree = "<group>";
		};
		26D4F7AB2482CE6300B54F64 /* Grounded */ = {
			isa = PBXGroup;
			children = (
				26D4F7B92482CE8000B54F64 /* DashState.cpp */,
				26D4F7BA2482CE8100B54F64 /* DashState.hpp */,
				26D4F7B52482CE8000B54F64 /* GroundedState.hpp */,
				26D4F7B82482CE8000B54F64 /* JumpsquatState.cpp */,
				26D4F7BB2482CE8100B54F64 /* JumpsquatState.hpp */,
				26D4F7BD2482CE8100B54F64 /* LandingLagState.cpp */,
				26D4F7BC2482CE8100B54F64 /* LandingLagState.hpp */,
				26D4F7B42482CE8000B54F64 /* NeutralState.cpp */,
				26D4F7B72482CE8000B54F64 /* NeutralState.hpp */,
				26D4F7BE2482CE8100B54F64 /* TurnaroundState.cpp */,
				26D4F7B62482CE8000B54F64 /* TurnaroundState.hpp */,
			);
			path = Grounded;
			sourceTree = "<group>";
		};
		26DE8446245368AD003D05FE = {
			isa = PBXGroup;
			children = (
				26DE8452245368AD003D05FE /* SFML-App */,
				26DE8451245368AD003D05FE /* Products */,
			);
			sourceTree = "<group>";
		};
		26DE8451245368AD003D05FE /* Products */ = {
			isa = PBXGroup;
			children = (
				26DE8450245368AD003D05FE /* SFML-App.app */,
			);
			name = Products;
			sourceTree = "<group>";
		};
		26DE8452245368AD003D05FE /* SFML-App */ = {
			isa = PBXGroup;
			children = (
				26D4F78D2482CBC100B54F64 /* Setup */,
				26D4F7902482CC0900B54F64 /* ScriptingLanguage */,
				26D4F78C2482CBB100B54F64 /* Network */,
				26D4F78E2482CBC700B54F64 /* Game */,
				26DE845A245368AD003D05FE /* Resources */,
				26DE8453245368AD003D05FE /* Supporting Files */,
			);
			path = "SFML-App";
			sourceTree = "<group>";
		};
		26DE8453245368AD003D05FE /* Supporting Files */ = {
			isa = PBXGroup;
			children = (
				26AE5F702453AFEA00862C68 /* Event.hpp */,
				26DE8454245368AD003D05FE /* SFML-App-Info.plist */,
			);
			path = "Supporting Files";
			sourceTree = "<group>";
		};
		26DE845A245368AD003D05FE /* Resources */ = {
			isa = PBXGroup;
			children = (
				264414812483357300605E1E /* Moves */,
				2687FCC2245A5FC700D83999 /* Animations */,
				26FE2E3224563D4500051897 /* platform.png */,
				26C589F02455276500D854F5 /* player.png */,
				26C589F12455276500D854F5 /* stage.png */,
				26DE8461245368AD003D05FE /* icon.png */,
			);
			path = Resources;
			sourceTree = "<group>";
		};
/* End PBXGroup section */

/* Begin PBXNativeTarget section */
		26DE844F245368AD003D05FE /* SFML-App */ = {
			isa = PBXNativeTarget;
			buildConfigurationList = 26DE8465245368AD003D05FE /* Build configuration list for PBXNativeTarget "SFML-App" */;
			buildPhases = (
				26DE844B245368AD003D05FE /* Sources */,
				26DE844C245368AD003D05FE /* Frameworks */,
				26DE844D245368AD003D05FE /* Resources */,
				26DE844E245368AD003D05FE /* ShellScript */,
			);
			buildRules = (
			);
			dependencies = (
			);
			name = "SFML-App";
			productName = "SFML-App";
			productReference = 26DE8450245368AD003D05FE /* SFML-App.app */;
			productType = "com.apple.product-type.application";
		};
/* End PBXNativeTarget section */

/* Begin PBXProject section */
		26DE8447245368AD003D05FE /* Project object */ = {
			isa = PBXProject;
			attributes = {
				LastUpgradeCheck = 1150;
				ORGANIZATIONNAME = "Jack Erb";
				TargetAttributes = {
					26DE844F245368AD003D05FE = {
						CreatedOnToolsVersion = 11.4.1;
					};
				};
			};
			buildConfigurationList = 26DE844A245368AD003D05FE /* Build configuration list for PBXProject "SFML-App" */;
			compatibilityVersion = "Xcode 9.3";
			developmentRegion = en;
			hasScannedForEncodings = 0;
			knownRegions = (
				en,
				Base,
			);
			mainGroup = 26DE8446245368AD003D05FE;
			productRefGroup = 26DE8451245368AD003D05FE /* Products */;
			projectDirPath = "";
			projectRoot = "";
			targets = (
				26DE844F245368AD003D05FE /* SFML-App */,
			);
		};
/* End PBXProject section */

/* Begin PBXResourcesBuildPhase section */
		26DE844D245368AD003D05FE /* Resources */ = {
			isa = PBXResourcesBuildPhase;
			buildActionMask = 2147483647;
			files = (
				26FE2E3324563D4600051897 /* platform.png in Resources */,
				26D81F2D245549AB00CEAB55 /* icon.png in Resources */,
				2687FCCF245A5FD900D83999 /* dash_7.png in Resources */,
				2687FCD3245A5FD900D83999 /* dash_4.png in Resources */,
				2687FCD4245A5FD900D83999 /* dash_1.png in Resources */,
				2687FCD6245A5FD900D83999 /* dash_3.png in Resources */,
				2687FCCE245A5FD900D83999 /* dash_10.png in Resources */,
				26C589F22455276500D854F5 /* player.png in Resources */,
				2687FCD1245A5FD900D83999 /* dash_0.png in Resources */,
				2687FCD7245A5FD900D83999 /* dash_6.png in Resources */,
				2687FCD0245A5FD900D83999 /* dash_9.png in Resources */,
				2687FCD2245A5FD900D83999 /* dash_2.png in Resources */,
				2687FCD5245A5FD900D83999 /* dash_5.png in Resources */,
				2687FCD8245A5FD900D83999 /* dash_8.png in Resources */,
				26C589F32455276500D854F5 /* stage.png in Resources */,
				2644147C24832F9400605E1E /* NeutralAir.msl in Resources */,
			);
			runOnlyForDeploymentPostprocessing = 0;
		};
/* End PBXResourcesBuildPhase section */

/* Begin PBXShellScriptBuildPhase section */
		26DE844E245368AD003D05FE /* ShellScript */ = {
			isa = PBXShellScriptBuildPhase;
			buildActionMask = 8;
			files = (
			);
			inputFileListPaths = (
			);
			inputPaths = (
			);
			outputFileListPaths = (
			);
			outputPaths = (
			);
			runOnlyForDeploymentPostprocessing = 1;
			shellPath = /bin/sh;
			shellScript = "# This shell script simply copies required SFML dylibs/frameworks into the application bundle frameworks folder.\n# If you're using static libraries (which is not recommended) you should remove this script from your project.\n\n# SETTINGS\nSFML_DEPENDENCIES_INSTALL_PREFIX=\"/Users/SFML/Desktop/packaging/tmp/install/Library/Frameworks\"\nCMAKE_INSTALL_FRAMEWORK_PREFIX=\"/Users/SFML/Desktop/packaging/tmp/install/Library/Frameworks\"\nCMAKE_INSTALL_LIB_PREFIX=\"/Users/SFML/Desktop/packaging/tmp/install/Library/Frameworks/lib\"\nFRAMEWORKS_FULL_PATH=\"$BUILT_PRODUCTS_DIR/$FRAMEWORKS_FOLDER_PATH/\"\n\n# Are we building a project that uses frameworks or dylibs?\ncase \"$SFML_BINARY_TYPE\" in\n    DYLIBS)\n        frameworks=\"false\"\n        ;;\n    *)\n        frameworks=\"true\"\n        ;;\nesac\n\n# Echoes to stderr\nerror () # $* message to display\n{\n    echo $* 1>&2\n    exit 2\n}\n\nassert () # $1 is a boolean, $2...N is an error message\n{\n    if [ $# -lt 2 ]\n    then\n        error \"Internal error in assert: not enough args\"\n    fi\n\n    if [ $1 -ne 0 ]\n    then\n        shift\n        error \"$*\"\n    fi\n}\n\nforce_remove () # $@ is some paths\n{\n    test $# -ge 1\n    assert $? \"force_remove() requires at least one parameter\"\n    rm -fr $@\n    assert $? \"couldn't remove $@\"\n}\n\ncopy () # $1 is a source, $2 is a destination\n{\n    test $# -eq 2\n    assert $? \"copy() requires two parameters\"\n    ditto \"$1\" \"$2\"\n    assert $? \"couldn't copy $1 to $2\"\n}\n\nrequire () # $1 is a SFML module like 'system' or 'audio'\n{\n    dest=\"$BUILT_PRODUCTS_DIR/$FRAMEWORKS_FOLDER_PATH/\"\n\n    if [ -z \"$1\" ]\n    then\n        error \"require() requires one parameter!\"\n    else\n        # clean potentially old stuff\n        force_remove \"$dest/libsfml-$1\"*\n        force_remove \"$dest/sfml-$1.framework\"\n\n        # copy SFML libraries\n        if [ \"$frameworks\" = \"true\" ]\n        then\n            source=\"$CMAKE_INSTALL_FRAMEWORK_PREFIX/sfml-$1.framework\"\n            target=\"sfml-$1.framework\"\n        elif [ \"$SFML_LINK_DYLIBS_SUFFIX\" = \"-d\" ]\n        then\n            source=\"$CMAKE_INSTALL_LIB_PREFIX/libsfml-$1-d.dylib\"\n            target=\"`readlink $source`\"\n        else\n            source=\"$CMAKE_INSTALL_LIB_PREFIX/libsfml-$1.dylib\"\n            target=\"`readlink $source`\"\n        fi\n\n        copy \"$source\" \"$dest/$target\"\n\n        # copy extra dependencies\n        if [ \"$1\" = \"audio\" ]\n        then\n            # copy \"FLAC\" \"ogg\" \"vorbis\" \"vorbisenc\" \"vorbisfile\" \"OpenAL\" frameworks too\n            for f in \"FLAC\" \"ogg\" \"vorbis\" \"vorbisenc\" \"vorbisfile\" \"OpenAL\"\n            do\n                copy \"$SFML_DEPENDENCIES_INSTALL_PREFIX/$f.framework\" \"$dest/$f.framework\"\n            done\n        elif [ \"$1\" = \"graphics\" ]\n        then\n            copy \"$SFML_DEPENDENCIES_INSTALL_PREFIX/freetype.framework\" \"$dest/freetype.framework\"\n        fi\n    fi\n}\n\nif [ -n \"$SFML_SYSTEM\" ]\nthen\n    require \"system\"\nfi\n\nif [ -n \"$SFML_AUDIO\" ]\nthen\n    require \"audio\"\nfi\n\nif [ -n \"$SFML_NETWORK\" ]\nthen\n    require \"network\"\nfi\n\nif [ -n \"$SFML_WINDOW\" ]\nthen\n    require \"window\"\nfi\n\nif [ -n \"$SFML_GRAPHICS\" ]\nthen\n    require \"graphics\"\nfi\n\n                \n";
		};
/* End PBXShellScriptBuildPhase section */

/* Begin PBXSourcesBuildPhase section */
		26DE844B245368AD003D05FE /* Sources */ = {
			isa = PBXSourcesBuildPhase;
			buildActionMask = 2147483647;
			files = (
				2644148024832FD000605E1E /* MoveLoader.cpp in Sources */,
				26DE8459245368AD003D05FE /* main.cpp in Sources */,
				26D4F7BF2482CE8100B54F64 /* NeutralState.cpp in Sources */,
				26D4F7C02482CE8100B54F64 /* JumpsquatState.cpp in Sources */,
				26D1489B245949EC0098DD6A /* MathHelper.cpp in Sources */,
				26D4F7CB2482D02500B54F64 /* MslScanner.cpp in Sources */,
				26D4F7B32482CE7700B54F64 /* AirdodgeState.cpp in Sources */,
				26D4F7B22482CE7700B54F64 /* AirborneNeutralState.cpp in Sources */,
				264612242482F904008C4494 /* MslParser.cpp in Sources */,
				26D4F7C22482CE8100B54F64 /* LandingLagState.cpp in Sources */,
				26D4F7C12482CE8100B54F64 /* DashState.cpp in Sources */,
				26339019248607240042D227 /* AirborneScriptState.cpp in Sources */,
				26DE846A24537D4A003D05FE /* GameController.cpp in Sources */,
				26D4F7C32482CE8100B54F64 /* TurnaroundState.cpp in Sources */,
				26D4F7942482CD6100B54F64 /* Character.cpp in Sources */,
				26D4F7972482CD6F00B54F64 /* PhysicsEngine.cpp in Sources */,
				2682B6942458B5650096E3E9 /* SpriteLoader.cpp in Sources */,
				26DE8456245368AD003D05FE /* ResourcePath.mm in Sources */,
				263ED2CB246071BE006748DA /* NetworkController.cpp in Sources */,
				263B471724634446006CAA16 /* OfflineGameController.cpp in Sources */,
				26D4F7C82482CF5900B54F64 /* MslInterpreter.cpp in Sources */,
				263B4714246343C8006CAA16 /* OfflineNetworkController.cpp in Sources */,
			);
			runOnlyForDeploymentPostprocessing = 0;
		};
/* End PBXSourcesBuildPhase section */

/* Begin XCBuildConfiguration section */
		26DE8463245368AD003D05FE /* Debug */ = {
			isa = XCBuildConfiguration;
			buildSettings = {
				ALWAYS_SEARCH_USER_PATHS = NO;
				CLANG_CXX_LANGUAGE_STANDARD = "c++11";
				CLANG_CXX_LIBRARY = "libc++";
				CLANG_WARN_BLOCK_CAPTURE_AUTORELEASING = YES;
				CLANG_WARN_BOOL_CONVERSION = YES;
				CLANG_WARN_COMMA = YES;
				CLANG_WARN_CONSTANT_CONVERSION = YES;
				CLANG_WARN_DEPRECATED_OBJC_IMPLEMENTATIONS = YES;
				CLANG_WARN_EMPTY_BODY = YES;
				CLANG_WARN_ENUM_CONVERSION = YES;
				CLANG_WARN_INFINITE_RECURSION = YES;
				CLANG_WARN_INT_CONVERSION = YES;
				CLANG_WARN_NON_LITERAL_NULL_CONVERSION = YES;
				CLANG_WARN_OBJC_IMPLICIT_RETAIN_SELF = YES;
				CLANG_WARN_OBJC_LITERAL_CONVERSION = YES;
				CLANG_WARN_RANGE_LOOP_ANALYSIS = YES;
				CLANG_WARN_STRICT_PROTOTYPES = YES;
				CLANG_WARN_SUSPICIOUS_MOVE = YES;
				CLANG_WARN_UNREACHABLE_CODE = YES;
				CLANG_WARN__DUPLICATE_METHOD_MATCH = YES;
				ENABLE_STRICT_OBJC_MSGSEND = YES;
				ENABLE_TESTABILITY = YES;
				FRAMEWORK_SEARCH_PATHS = (
					/Library/Frameworks/,
					"$(inherited)",
				);
				GCC_NO_COMMON_BLOCKS = YES;
				GCC_OPTIMIZATION_LEVEL = 0;
				GCC_VERSION = com.apple.compilers.llvm.clang.1_0;
				GCC_WARN_64_TO_32_BIT_CONVERSION = YES;
				GCC_WARN_ABOUT_RETURN_TYPE = YES;
				GCC_WARN_UNDECLARED_SELECTOR = YES;
				GCC_WARN_UNINITIALIZED_AUTOS = YES;
				GCC_WARN_UNUSED_FUNCTION = YES;
				GCC_WARN_UNUSED_VARIABLE = YES;
				HEADER_SEARCH_PATHS = (
					/usr/local/include/,
					"$(inherited)",
				);
				LIBRARY_SEARCH_PATHS = (
					/usr/local/lib/,
					"$(inherited)",
				);
				MACOSX_DEPLOYMENT_TARGET = 10.7;
				ONLY_ACTIVE_ARCH = YES;
				OTHER_LDFLAGS = (
					"$(inherited)",
					"$(SFML_SYSTEM)",
					"$(SFML_WINDOW)",
					"$(SFML_GRAPHICS)",
					"$(SFML_AUDIO)",
					"$(SFML_NETWORK)",
				);
				PRODUCT_BUNDLE_IDENTIFIER = "jackerb.SFML-App";
				SFML_AUDIO = "$(SFML_LINK_PREFIX) sfml-audio$(SFML_LINK_SUFFIX)";
				SFML_BINARY_TYPE = DYLIBS;
				SFML_GRAPHICS = "$(SFML_LINK_PREFIX) sfml-graphics$(SFML_LINK_SUFFIX)";
				SFML_LINK_DYLIBS_PREFIX = "-l";
				SFML_LINK_DYLIBS_SUFFIX = "";
				SFML_LINK_FRAMEWORKS_PREFIX = "-framework";
				SFML_LINK_FRAMEWORKS_SUFFIX = "";
				SFML_LINK_PREFIX = "$(SFML_LINK_$(SFML_BINARY_TYPE)_PREFIX)";
				SFML_LINK_SUFFIX = "$(SFML_LINK_$(SFML_BINARY_TYPE)_SUFFIX)";
				SFML_NETWORK = "$(SFML_LINK_PREFIX) sfml-network$(SFML_LINK_SUFFIX)";
				SFML_SYSTEM = "$(SFML_LINK_PREFIX) sfml-system$(SFML_LINK_SUFFIX)";
				SFML_WINDOW = "$(SFML_LINK_PREFIX) sfml-window$(SFML_LINK_SUFFIX)";
				SUPPORTED_PLATFORMS = macosx;
			};
			name = Debug;
		};
		26DE8464245368AD003D05FE /* Release */ = {
			isa = XCBuildConfiguration;
			buildSettings = {
				ALWAYS_SEARCH_USER_PATHS = NO;
				CLANG_CXX_LANGUAGE_STANDARD = "c++11";
				CLANG_CXX_LIBRARY = "libc++";
				CLANG_WARN_BLOCK_CAPTURE_AUTORELEASING = YES;
				CLANG_WARN_BOOL_CONVERSION = YES;
				CLANG_WARN_COMMA = YES;
				CLANG_WARN_CONSTANT_CONVERSION = YES;
				CLANG_WARN_DEPRECATED_OBJC_IMPLEMENTATIONS = YES;
				CLANG_WARN_EMPTY_BODY = YES;
				CLANG_WARN_ENUM_CONVERSION = YES;
				CLANG_WARN_INFINITE_RECURSION = YES;
				CLANG_WARN_INT_CONVERSION = YES;
				CLANG_WARN_NON_LITERAL_NULL_CONVERSION = YES;
				CLANG_WARN_OBJC_IMPLICIT_RETAIN_SELF = YES;
				CLANG_WARN_OBJC_LITERAL_CONVERSION = YES;
				CLANG_WARN_RANGE_LOOP_ANALYSIS = YES;
				CLANG_WARN_STRICT_PROTOTYPES = YES;
				CLANG_WARN_SUSPICIOUS_MOVE = YES;
				CLANG_WARN_UNREACHABLE_CODE = YES;
				CLANG_WARN__DUPLICATE_METHOD_MATCH = YES;
				ENABLE_STRICT_OBJC_MSGSEND = YES;
				FRAMEWORK_SEARCH_PATHS = (
					/Library/Frameworks/,
					"$(inherited)",
				);
				GCC_NO_COMMON_BLOCKS = YES;
				GCC_OPTIMIZATION_LEVEL = 0;
				GCC_VERSION = com.apple.compilers.llvm.clang.1_0;
				GCC_WARN_64_TO_32_BIT_CONVERSION = YES;
				GCC_WARN_ABOUT_RETURN_TYPE = YES;
				GCC_WARN_UNDECLARED_SELECTOR = YES;
				GCC_WARN_UNINITIALIZED_AUTOS = YES;
				GCC_WARN_UNUSED_FUNCTION = YES;
				GCC_WARN_UNUSED_VARIABLE = YES;
				HEADER_SEARCH_PATHS = (
					/usr/local/include/,
					"$(inherited)",
				);
				LIBRARY_SEARCH_PATHS = (
					/usr/local/lib/,
					"$(inherited)",
				);
				MACOSX_DEPLOYMENT_TARGET = 10.7;
				OTHER_LDFLAGS = (
					"$(inherited)",
					"$(SFML_SYSTEM)",
					"$(SFML_WINDOW)",
					"$(SFML_GRAPHICS)",
					"$(SFML_AUDIO)",
					"$(SFML_NETWORK)",
				);
				PRODUCT_BUNDLE_IDENTIFIER = "jackerb.SFML-App";
				SFML_AUDIO = "$(SFML_LINK_PREFIX) sfml-audio$(SFML_LINK_SUFFIX)";
				SFML_BINARY_TYPE = DYLIBS;
				SFML_GRAPHICS = "$(SFML_LINK_PREFIX) sfml-graphics$(SFML_LINK_SUFFIX)";
				SFML_LINK_DYLIBS_PREFIX = "-l";
				SFML_LINK_DYLIBS_SUFFIX = "";
				SFML_LINK_FRAMEWORKS_PREFIX = "-framework";
				SFML_LINK_FRAMEWORKS_SUFFIX = "";
				SFML_LINK_PREFIX = "$(SFML_LINK_$(SFML_BINARY_TYPE)_PREFIX)";
				SFML_LINK_SUFFIX = "$(SFML_LINK_$(SFML_BINARY_TYPE)_SUFFIX)";
				SFML_NETWORK = "$(SFML_LINK_PREFIX) sfml-network$(SFML_LINK_SUFFIX)";
				SFML_SYSTEM = "$(SFML_LINK_PREFIX) sfml-system$(SFML_LINK_SUFFIX)";
				SFML_WINDOW = "$(SFML_LINK_PREFIX) sfml-window$(SFML_LINK_SUFFIX)";
				SUPPORTED_PLATFORMS = macosx;
			};
			name = Release;
		};
		26DE8466245368AD003D05FE /* Debug */ = {
			isa = XCBuildConfiguration;
			buildSettings = {
				CLANG_ENABLE_OBJC_WEAK = YES;
				CODE_SIGN_IDENTITY = "-";
				CODE_SIGN_STYLE = Automatic;
				INFOPLIST_FILE = "SFML-App/SFML-App-Info.plist";
				LD_RUNPATH_SEARCH_PATHS = "@loader_path/../Frameworks";
				PRODUCT_BUNDLE_IDENTIFIER = "jackerb.${PRODUCT_NAME:rfc1034identifier}";
				PRODUCT_NAME = "$(TARGET_NAME)";
			};
			name = Debug;
		};
		26DE8467245368AD003D05FE /* Release */ = {
			isa = XCBuildConfiguration;
			buildSettings = {
				CLANG_ENABLE_OBJC_WEAK = YES;
				CODE_SIGN_IDENTITY = "-";
				CODE_SIGN_STYLE = Automatic;
				INFOPLIST_FILE = "SFML-App/SFML-App-Info.plist";
				LD_RUNPATH_SEARCH_PATHS = "@loader_path/../Frameworks";
				PRODUCT_BUNDLE_IDENTIFIER = "jackerb.${PRODUCT_NAME:rfc1034identifier}";
				PRODUCT_NAME = "$(TARGET_NAME)";
			};
			name = Release;
		};
/* End XCBuildConfiguration section */

/* Begin XCConfigurationList section */
		26DE844A245368AD003D05FE /* Build configuration list for PBXProject "SFML-App" */ = {
			isa = XCConfigurationList;
			buildConfigurations = (
				26DE8463245368AD003D05FE /* Debug */,
				26DE8464245368AD003D05FE /* Release */,
			);
			defaultConfigurationIsVisible = 0;
			defaultConfigurationName = Release;
		};
		26DE8465245368AD003D05FE /* Build configuration list for PBXNativeTarget "SFML-App" */ = {
			isa = XCConfigurationList;
			buildConfigurations = (
				26DE8466245368AD003D05FE /* Debug */,
				26DE8467245368AD003D05FE /* Release */,
			);
			defaultConfigurationIsVisible = 0;
			defaultConfigurationName = Release;
		};
/* End XCConfigurationList section */
	};
	rootObject = 26DE8447245368AD003D05FE /* Project object */;
}
