// !$*UTF8*$!
{
	archiveVersion = 1;
	classes = {
	};
	objectVersion = 50;
	objects = {

/* Begin PBXBuildFile section */
		26384FF02456358D00C966A1 /* Character.cpp in Sources */ = {isa = PBXBuildFile; fileRef = 26384FEF2456358D00C966A1 /* Character.cpp */; };
		264338C8245B8AC10047C2BE /* TurnaroundState.cpp in Sources */ = {isa = PBXBuildFile; fileRef = 264338C6245B8AC10047C2BE /* TurnaroundState.cpp */; };
		264338D1245CE01C0047C2BE /* NetworkController.cpp in Sources */ = {isa = PBXBuildFile; fileRef = 264338CF245CE01C0047C2BE /* NetworkController.cpp */; };
		2682B67C245752D40096E3E9 /* DashState.cpp in Sources */ = {isa = PBXBuildFile; fileRef = 2682B67A245752D40096E3E9 /* DashState.cpp */; };
		2682B685245767960096E3E9 /* AirborneNeutralState.cpp in Sources */ = {isa = PBXBuildFile; fileRef = 2682B683245767960096E3E9 /* AirborneNeutralState.cpp */; };
		2682B68B2457B27E0096E3E9 /* LandingLagState.cpp in Sources */ = {isa = PBXBuildFile; fileRef = 2682B6892457B27E0096E3E9 /* LandingLagState.cpp */; };
		2682B6942458B5650096E3E9 /* SpriteLoader.cpp in Sources */ = {isa = PBXBuildFile; fileRef = 2682B6922458B5650096E3E9 /* SpriteLoader.cpp */; };
		2687FCCE245A5FD900D83999 /* dash_10.png in Resources */ = {isa = PBXBuildFile; fileRef = 2687FCC3245A5FD800D83999 /* dash_10.png */; };
		2687FCCF245A5FD900D83999 /* dash_7.png in Resources */ = {isa = PBXBuildFile; fileRef = 2687FCC4245A5FD800D83999 /* dash_7.png */; };
		2687FCD0245A5FD900D83999 /* dash_9.png in Resources */ = {isa = PBXBuildFile; fileRef = 2687FCC5245A5FD800D83999 /* dash_9.png */; };
		2687FCD1245A5FD900D83999 /* dash_0.png in Resources */ = {isa = PBXBuildFile; fileRef = 2687FCC6245A5FD800D83999 /* dash_0.png */; };
		2687FCD2245A5FD900D83999 /* dash_2.png in Resources */ = {isa = PBXBuildFile; fileRef = 2687FCC7245A5FD800D83999 /* dash_2.png */; };
		2687FCD3245A5FD900D83999 /* dash_4.png in Resources */ = {isa = PBXBuildFile; fileRef = 2687FCC8245A5FD800D83999 /* dash_4.png */; };
		2687FCD4245A5FD900D83999 /* dash_1.png in Resources */ = {isa = PBXBuildFile; fileRef = 2687FCC9245A5FD800D83999 /* dash_1.png */; };
		2687FCD5245A5FD900D83999 /* dash_5.png in Resources */ = {isa = PBXBuildFile; fileRef = 2687FCCA245A5FD800D83999 /* dash_5.png */; };
		2687FCD6245A5FD900D83999 /* dash_3.png in Resources */ = {isa = PBXBuildFile; fileRef = 2687FCCB245A5FD800D83999 /* dash_3.png */; };
		2687FCD7245A5FD900D83999 /* dash_6.png in Resources */ = {isa = PBXBuildFile; fileRef = 2687FCCC245A5FD900D83999 /* dash_6.png */; };
		2687FCD8245A5FD900D83999 /* dash_8.png in Resources */ = {isa = PBXBuildFile; fileRef = 2687FCCD245A5FD900D83999 /* dash_8.png */; };
		26AE5F742454A90800862C68 /* PhysicsEngine.cpp in Sources */ = {isa = PBXBuildFile; fileRef = 26AE5F722454A90800862C68 /* PhysicsEngine.cpp */; };
		26B08BAC24560AB700E86352 /* NeutralState.cpp in Sources */ = {isa = PBXBuildFile; fileRef = 26B08BAA24560AB700E86352 /* NeutralState.cpp */; };
		26C589F22455276500D854F5 /* player.png in Resources */ = {isa = PBXBuildFile; fileRef = 26C589F02455276500D854F5 /* player.png */; };
		26C589F32455276500D854F5 /* stage.png in Resources */ = {isa = PBXBuildFile; fileRef = 26C589F12455276500D854F5 /* stage.png */; };
		26D148952458F3050098DD6A /* AirdodgeState.cpp in Sources */ = {isa = PBXBuildFile; fileRef = 26D148932458F3050098DD6A /* AirdodgeState.cpp */; };
		26D14898245945F50098DD6A /* AirborneMoveState.cpp in Sources */ = {isa = PBXBuildFile; fileRef = 26D14896245945F50098DD6A /* AirborneMoveState.cpp */; };
		26D1489B245949EC0098DD6A /* MathHelper.cpp in Sources */ = {isa = PBXBuildFile; fileRef = 26D14899245949EC0098DD6A /* MathHelper.cpp */; };
		26D81F2D245549AB00CEAB55 /* icon.png in Resources */ = {isa = PBXBuildFile; fileRef = 26DE8461245368AD003D05FE /* icon.png */; };
		26DE8456245368AD003D05FE /* ResourcePath.mm in Sources */ = {isa = PBXBuildFile; fileRef = 26DE8455245368AD003D05FE /* ResourcePath.mm */; };
		26DE8459245368AD003D05FE /* main.cpp in Sources */ = {isa = PBXBuildFile; fileRef = 26DE8458245368AD003D05FE /* main.cpp */; };
		26DE846A24537D4A003D05FE /* GameController.cpp in Sources */ = {isa = PBXBuildFile; fileRef = 26DE846824537D4A003D05FE /* GameController.cpp */; };
		26FE2E3324563D4600051897 /* platform.png in Resources */ = {isa = PBXBuildFile; fileRef = 26FE2E3224563D4500051897 /* platform.png */; };
		26FE2E362456484100051897 /* JumpsquatState.cpp in Sources */ = {isa = PBXBuildFile; fileRef = 26FE2E342456484100051897 /* JumpsquatState.cpp */; };
/* End PBXBuildFile section */

/* Begin PBXFileReference section */
		26384FEF2456358D00C966A1 /* Character.cpp */ = {isa = PBXFileReference; lastKnownFileType = sourcecode.cpp.cpp; path = Character.cpp; sourceTree = "<group>"; };
		26384FF22456372400C966A1 /* PlatformEntity.hpp */ = {isa = PBXFileReference; lastKnownFileType = sourcecode.cpp.h; path = PlatformEntity.hpp; sourceTree = "<group>"; };
		264338C6245B8AC10047C2BE /* TurnaroundState.cpp */ = {isa = PBXFileReference; lastKnownFileType = sourcecode.cpp.cpp; path = TurnaroundState.cpp; sourceTree = "<group>"; };
		264338C7245B8AC10047C2BE /* TurnaroundState.hpp */ = {isa = PBXFileReference; lastKnownFileType = sourcecode.cpp.h; path = TurnaroundState.hpp; sourceTree = "<group>"; };
		264338CB245CA68E0047C2BE /* BlankEntity.hpp */ = {isa = PBXFileReference; lastKnownFileType = sourcecode.cpp.h; path = BlankEntity.hpp; sourceTree = "<group>"; };
		264338CF245CE01C0047C2BE /* NetworkController.cpp */ = {isa = PBXFileReference; lastKnownFileType = sourcecode.cpp.cpp; path = NetworkController.cpp; sourceTree = "<group>"; };
		264338D0245CE01C0047C2BE /* NetworkController.hpp */ = {isa = PBXFileReference; lastKnownFileType = sourcecode.cpp.h; path = NetworkController.hpp; sourceTree = "<group>"; };
		2682B67A245752D40096E3E9 /* DashState.cpp */ = {isa = PBXFileReference; lastKnownFileType = sourcecode.cpp.cpp; path = DashState.cpp; sourceTree = "<group>"; };
		2682B67B245752D40096E3E9 /* DashState.hpp */ = {isa = PBXFileReference; lastKnownFileType = sourcecode.cpp.h; path = DashState.hpp; sourceTree = "<group>"; };
		2682B6812457674E0096E3E9 /* GroundedState.hpp */ = {isa = PBXFileReference; lastKnownFileType = sourcecode.cpp.h; path = GroundedState.hpp; sourceTree = "<group>"; };
		2682B683245767960096E3E9 /* AirborneNeutralState.cpp */ = {isa = PBXFileReference; lastKnownFileType = sourcecode.cpp.cpp; path = AirborneNeutralState.cpp; sourceTree = "<group>"; };
		2682B684245767960096E3E9 /* AirborneNeutralState.hpp */ = {isa = PBXFileReference; lastKnownFileType = sourcecode.cpp.h; path = AirborneNeutralState.hpp; sourceTree = "<group>"; };
		2682B6872457684E0096E3E9 /* AirborneState.hpp */ = {isa = PBXFileReference; lastKnownFileType = sourcecode.cpp.h; path = AirborneState.hpp; sourceTree = "<group>"; };
		2682B6892457B27E0096E3E9 /* LandingLagState.cpp */ = {isa = PBXFileReference; lastKnownFileType = sourcecode.cpp.cpp; path = LandingLagState.cpp; sourceTree = "<group>"; };
		2682B68A2457B27E0096E3E9 /* LandingLagState.hpp */ = {isa = PBXFileReference; lastKnownFileType = sourcecode.cpp.h; path = LandingLagState.hpp; sourceTree = "<group>"; };
		2682B68F245895BB0096E3E9 /* CameraController.hpp */ = {isa = PBXFileReference; lastKnownFileType = sourcecode.cpp.h; path = CameraController.hpp; sourceTree = "<group>"; };
		2682B6922458B5650096E3E9 /* SpriteLoader.cpp */ = {isa = PBXFileReference; lastKnownFileType = sourcecode.cpp.cpp; path = SpriteLoader.cpp; sourceTree = "<group>"; };
		2682B6932458B5650096E3E9 /* SpriteLoader.hpp */ = {isa = PBXFileReference; lastKnownFileType = sourcecode.cpp.h; path = SpriteLoader.hpp; sourceTree = "<group>"; };
		2687FCC3245A5FD800D83999 /* dash_10.png */ = {isa = PBXFileReference; lastKnownFileType = image.png; path = dash_10.png; sourceTree = "<group>"; };
		2687FCC4245A5FD800D83999 /* dash_7.png */ = {isa = PBXFileReference; lastKnownFileType = image.png; path = dash_7.png; sourceTree = "<group>"; };
		2687FCC5245A5FD800D83999 /* dash_9.png */ = {isa = PBXFileReference; lastKnownFileType = image.png; path = dash_9.png; sourceTree = "<group>"; };
		2687FCC6245A5FD800D83999 /* dash_0.png */ = {isa = PBXFileReference; lastKnownFileType = image.png; path = dash_0.png; sourceTree = "<group>"; };
		2687FCC7245A5FD800D83999 /* dash_2.png */ = {isa = PBXFileReference; lastKnownFileType = image.png; path = dash_2.png; sourceTree = "<group>"; };
		2687FCC8245A5FD800D83999 /* dash_4.png */ = {isa = PBXFileReference; lastKnownFileType = image.png; path = dash_4.png; sourceTree = "<group>"; };
		2687FCC9245A5FD800D83999 /* dash_1.png */ = {isa = PBXFileReference; lastKnownFileType = image.png; path = dash_1.png; sourceTree = "<group>"; };
		2687FCCA245A5FD800D83999 /* dash_5.png */ = {isa = PBXFileReference; lastKnownFileType = image.png; path = dash_5.png; sourceTree = "<group>"; };
		2687FCCB245A5FD800D83999 /* dash_3.png */ = {isa = PBXFileReference; lastKnownFileType = image.png; path = dash_3.png; sourceTree = "<group>"; };
		2687FCCC245A5FD900D83999 /* dash_6.png */ = {isa = PBXFileReference; lastKnownFileType = image.png; path = dash_6.png; sourceTree = "<group>"; };
		2687FCCD245A5FD900D83999 /* dash_8.png */ = {isa = PBXFileReference; lastKnownFileType = image.png; path = dash_8.png; sourceTree = "<group>"; };
		26AE5F6D2453A8BC00862C68 /* PlayerInput.hpp */ = {isa = PBXFileReference; lastKnownFileType = sourcecode.cpp.h; path = PlayerInput.hpp; sourceTree = "<group>"; };
		26AE5F702453AFEA00862C68 /* Event.hpp */ = {isa = PBXFileReference; lastKnownFileType = sourcecode.cpp.h; path = Event.hpp; sourceTree = "<group>"; };
		26AE5F722454A90800862C68 /* PhysicsEngine.cpp */ = {isa = PBXFileReference; lastKnownFileType = sourcecode.cpp.cpp; path = PhysicsEngine.cpp; sourceTree = "<group>"; };
		26AE5F732454A90800862C68 /* PhysicsEngine.hpp */ = {isa = PBXFileReference; lastKnownFileType = sourcecode.cpp.h; path = PhysicsEngine.hpp; sourceTree = "<group>"; };
		26B08B9E2455FD2A00E86352 /* CharacterState.hpp */ = {isa = PBXFileReference; lastKnownFileType = sourcecode.cpp.h; path = CharacterState.hpp; sourceTree = "<group>"; };
		26B08BA62456064900E86352 /* StageEntity.hpp */ = {isa = PBXFileReference; lastKnownFileType = sourcecode.cpp.h; path = StageEntity.hpp; sourceTree = "<group>"; };
		26B08BAA24560AB700E86352 /* NeutralState.cpp */ = {isa = PBXFileReference; lastKnownFileType = sourcecode.cpp.cpp; path = NeutralState.cpp; sourceTree = "<group>"; };
		26B08BAB24560AB700E86352 /* NeutralState.hpp */ = {isa = PBXFileReference; lastKnownFileType = sourcecode.cpp.h; path = NeutralState.hpp; sourceTree = "<group>"; };
		26C589F02455276500D854F5 /* player.png */ = {isa = PBXFileReference; lastKnownFileType = image.png; path = player.png; sourceTree = "<group>"; };
		26C589F12455276500D854F5 /* stage.png */ = {isa = PBXFileReference; lastKnownFileType = image.png; path = stage.png; sourceTree = "<group>"; };
		26C589F724552DEA00D854F5 /* Character.hpp */ = {isa = PBXFileReference; lastKnownFileType = sourcecode.cpp.h; path = Character.hpp; sourceTree = "<group>"; };
		26D148932458F3050098DD6A /* AirdodgeState.cpp */ = {isa = PBXFileReference; lastKnownFileType = sourcecode.cpp.cpp; path = AirdodgeState.cpp; sourceTree = "<group>"; };
		26D148942458F3050098DD6A /* AirdodgeState.hpp */ = {isa = PBXFileReference; lastKnownFileType = sourcecode.cpp.h; path = AirdodgeState.hpp; sourceTree = "<group>"; };
		26D14896245945F50098DD6A /* AirborneMoveState.cpp */ = {isa = PBXFileReference; lastKnownFileType = sourcecode.cpp.cpp; path = AirborneMoveState.cpp; sourceTree = "<group>"; };
		26D14897245945F50098DD6A /* AirborneMoveState.hpp */ = {isa = PBXFileReference; lastKnownFileType = sourcecode.cpp.h; path = AirborneMoveState.hpp; sourceTree = "<group>"; };
		26D14899245949EC0098DD6A /* MathHelper.cpp */ = {isa = PBXFileReference; lastKnownFileType = sourcecode.cpp.cpp; path = MathHelper.cpp; sourceTree = "<group>"; };
		26D1489C24594B070098DD6A /* MathHelper.hpp */ = {isa = PBXFileReference; lastKnownFileType = sourcecode.cpp.h; path = MathHelper.hpp; sourceTree = "<group>"; };
		26D74C8B2454D15E00B8BB5A /* Entity.hpp */ = {isa = PBXFileReference; lastKnownFileType = sourcecode.cpp.h; path = Entity.hpp; sourceTree = "<group>"; };
		26DE8450245368AD003D05FE /* SFML-App.app */ = {isa = PBXFileReference; explicitFileType = wrapper.application; includeInIndex = 0; path = "SFML-App.app"; sourceTree = BUILT_PRODUCTS_DIR; };
		26DE8454245368AD003D05FE /* SFML-App-Info.plist */ = {isa = PBXFileReference; lastKnownFileType = text.plist.xml; name = "SFML-App-Info.plist"; path = "../SFML-App-Info.plist"; sourceTree = "<group>"; };
		26DE8455245368AD003D05FE /* ResourcePath.mm */ = {isa = PBXFileReference; lastKnownFileType = sourcecode.cpp.objcpp; path = ResourcePath.mm; sourceTree = "<group>"; };
		26DE8457245368AD003D05FE /* ResourcePath.hpp */ = {isa = PBXFileReference; lastKnownFileType = sourcecode.cpp.h; path = ResourcePath.hpp; sourceTree = "<group>"; };
		26DE8458245368AD003D05FE /* main.cpp */ = {isa = PBXFileReference; lastKnownFileType = sourcecode.cpp.cpp; path = main.cpp; sourceTree = "<group>"; };
		26DE8461245368AD003D05FE /* icon.png */ = {isa = PBXFileReference; lastKnownFileType = image.png; name = icon.png; path = ../icon.png; sourceTree = "<group>"; };
		26DE846824537D4A003D05FE /* GameController.cpp */ = {isa = PBXFileReference; lastKnownFileType = sourcecode.cpp.cpp; path = GameController.cpp; sourceTree = "<group>"; };
		26DE846924537D4A003D05FE /* GameController.hpp */ = {isa = PBXFileReference; lastKnownFileType = sourcecode.cpp.h; path = GameController.hpp; sourceTree = "<group>"; };
		26FE2E3224563D4500051897 /* platform.png */ = {isa = PBXFileReference; lastKnownFileType = image.png; path = platform.png; sourceTree = "<group>"; };
		26FE2E342456484100051897 /* JumpsquatState.cpp */ = {isa = PBXFileReference; lastKnownFileType = sourcecode.cpp.cpp; path = JumpsquatState.cpp; sourceTree = "<group>"; };
		26FE2E352456484100051897 /* JumpsquatState.hpp */ = {isa = PBXFileReference; lastKnownFileType = sourcecode.cpp.h; path = JumpsquatState.hpp; sourceTree = "<group>"; };
/* End PBXFileReference section */

/* Begin PBXFrameworksBuildPhase section */
		26DE844C245368AD003D05FE /* Frameworks */ = {
			isa = PBXFrameworksBuildPhase;
			buildActionMask = 2147483647;
			files = (
			);
			runOnlyForDeploymentPostprocessing = 0;
		};
/* End PBXFrameworksBuildPhase section */

/* Begin PBXGroup section */
		26384FED2456348F00C966A1 /* Physics */ = {
			isa = PBXGroup;
			children = (
				26AE5F732454A90800862C68 /* PhysicsEngine.hpp */,
				26AE5F722454A90800862C68 /* PhysicsEngine.cpp */,
			);
			name = Physics;
			sourceTree = "<group>";
		};
		26384FEE2456349B00C966A1 /* Input */ = {
			isa = PBXGroup;
			children = (
				26AE5F6D2453A8BC00862C68 /* PlayerInput.hpp */,
			);
			name = Input;
			sourceTree = "<group>";
		};
		264338C9245BBA460047C2BE /* Game */ = {
			isa = PBXGroup;
			children = (
				26DE846924537D4A003D05FE /* GameController.hpp */,
				26DE846824537D4A003D05FE /* GameController.cpp */,
				2682B6932458B5650096E3E9 /* SpriteLoader.hpp */,
				2682B6922458B5650096E3E9 /* SpriteLoader.cpp */,
				2682B68F245895BB0096E3E9 /* CameraController.hpp */,
				26384FED2456348F00C966A1 /* Physics */,
				26B08BA42456025500E86352 /* Entities */,
			);
			name = Game;
			sourceTree = "<group>";
		};
		264338CE245CE0040047C2BE /* Network */ = {
			isa = PBXGroup;
			children = (
				264338D0245CE01C0047C2BE /* NetworkController.hpp */,
				264338CF245CE01C0047C2BE /* NetworkController.cpp */,
			);
			name = Network;
			sourceTree = "<group>";
		};
		2682B68C2457B77D0096E3E9 /* Airborne */ = {
			isa = PBXGroup;
			children = (
				2682B6872457684E0096E3E9 /* AirborneState.hpp */,
				2682B684245767960096E3E9 /* AirborneNeutralState.hpp */,
				2682B683245767960096E3E9 /* AirborneNeutralState.cpp */,
				26D148942458F3050098DD6A /* AirdodgeState.hpp */,
				26D148932458F3050098DD6A /* AirdodgeState.cpp */,
				26D14897245945F50098DD6A /* AirborneMoveState.hpp */,
				26D14896245945F50098DD6A /* AirborneMoveState.cpp */,
			);
			name = Airborne;
			sourceTree = "<group>";
		};
		2682B68D2457B78E0096E3E9 /* Grounded */ = {
			isa = PBXGroup;
			children = (
				2682B6812457674E0096E3E9 /* GroundedState.hpp */,
				2682B68A2457B27E0096E3E9 /* LandingLagState.hpp */,
				2682B6892457B27E0096E3E9 /* LandingLagState.cpp */,
				26B08BAB24560AB700E86352 /* NeutralState.hpp */,
				26B08BAA24560AB700E86352 /* NeutralState.cpp */,
				2682B67B245752D40096E3E9 /* DashState.hpp */,
				2682B67A245752D40096E3E9 /* DashState.cpp */,
				26FE2E352456484100051897 /* JumpsquatState.hpp */,
				26FE2E342456484100051897 /* JumpsquatState.cpp */,
				264338C7245B8AC10047C2BE /* TurnaroundState.hpp */,
				264338C6245B8AC10047C2BE /* TurnaroundState.cpp */,
			);
			name = Grounded;
			sourceTree = "<group>";
		};
		2682B691245897EB0096E3E9 /* Character */ = {
			isa = PBXGroup;
			children = (
				26C589F724552DEA00D854F5 /* Character.hpp */,
				26384FEF2456358D00C966A1 /* Character.cpp */,
				26B08BA924560A9D00E86352 /* CharacterState */,
			);
			name = Character;
			sourceTree = "<group>";
		};
		2687FCC2245A5FC700D83999 /* Animations */ = {
			isa = PBXGroup;
			children = (
				2687FCC6245A5FD800D83999 /* dash_0.png */,
				2687FCC9245A5FD800D83999 /* dash_1.png */,
				2687FCC7245A5FD800D83999 /* dash_2.png */,
				2687FCCB245A5FD800D83999 /* dash_3.png */,
				2687FCC8245A5FD800D83999 /* dash_4.png */,
				2687FCCA245A5FD800D83999 /* dash_5.png */,
				2687FCCC245A5FD900D83999 /* dash_6.png */,
				2687FCC4245A5FD800D83999 /* dash_7.png */,
				2687FCCD245A5FD900D83999 /* dash_8.png */,
				2687FCC5245A5FD800D83999 /* dash_9.png */,
				2687FCC3245A5FD800D83999 /* dash_10.png */,
			);
			path = Animations;
			sourceTree = "<group>";
		};
		26B08BA32456024700E86352 /* Setup */ = {
			isa = PBXGroup;
			children = (
				26384FEE2456349B00C966A1 /* Input */,
				26DE8457245368AD003D05FE /* ResourcePath.hpp */,
				26DE8455245368AD003D05FE /* ResourcePath.mm */,
				26DE8458245368AD003D05FE /* main.cpp */,
				26D1489C24594B070098DD6A /* MathHelper.hpp */,
				26D14899245949EC0098DD6A /* MathHelper.cpp */,
			);
			name = Setup;
			sourceTree = "<group>";
		};
		26B08BA42456025500E86352 /* Entities */ = {
			isa = PBXGroup;
			children = (
				26D74C8B2454D15E00B8BB5A /* Entity.hpp */,
				264338CB245CA68E0047C2BE /* BlankEntity.hpp */,
				26B08BA62456064900E86352 /* StageEntity.hpp */,
				26384FF22456372400C966A1 /* PlatformEntity.hpp */,
				2682B691245897EB0096E3E9 /* Character */,
			);
			name = Entities;
			sourceTree = "<group>";
		};
		26B08BA924560A9D00E86352 /* CharacterState */ = {
			isa = PBXGroup;
			children = (
				26B08B9E2455FD2A00E86352 /* CharacterState.hpp */,
				2682B68C2457B77D0096E3E9 /* Airborne */,
				2682B68D2457B78E0096E3E9 /* Grounded */,
			);
			name = CharacterState;
			sourceTree = "<group>";
		};
		26DE8446245368AD003D05FE = {
			isa = PBXGroup;
			children = (
				26DE8452245368AD003D05FE /* SFML-App */,
				26DE8451245368AD003D05FE /* Products */,
			);
			sourceTree = "<group>";
		};
		26DE8451245368AD003D05FE /* Products */ = {
			isa = PBXGroup;
			children = (
				26DE8450245368AD003D05FE /* SFML-App.app */,
			);
			name = Products;
			sourceTree = "<group>";
		};
		26DE8452245368AD003D05FE /* SFML-App */ = {
			isa = PBXGroup;
			children = (
				264338CE245CE0040047C2BE /* Network */,
				26B08BA32456024700E86352 /* Setup */,
				264338C9245BBA460047C2BE /* Game */,
				26DE845A245368AD003D05FE /* Resources */,
				26DE8453245368AD003D05FE /* Supporting Files */,
			);
			path = "SFML-App";
			sourceTree = "<group>";
		};
		26DE8453245368AD003D05FE /* Supporting Files */ = {
			isa = PBXGroup;
			children = (
				26AE5F702453AFEA00862C68 /* Event.hpp */,
				26DE8454245368AD003D05FE /* SFML-App-Info.plist */,
			);
			path = "Supporting Files";
			sourceTree = "<group>";
		};
		26DE845A245368AD003D05FE /* Resources */ = {
			isa = PBXGroup;
			children = (
				2687FCC2245A5FC700D83999 /* Animations */,
				26FE2E3224563D4500051897 /* platform.png */,
				26C589F02455276500D854F5 /* player.png */,
				26C589F12455276500D854F5 /* stage.png */,
				26DE8461245368AD003D05FE /* icon.png */,
			);
			path = Resources;
			sourceTree = "<group>";
		};
/* End PBXGroup section */

/* Begin PBXNativeTarget section */
		26DE844F245368AD003D05FE /* SFML-App */ = {
			isa = PBXNativeTarget;
			buildConfigurationList = 26DE8465245368AD003D05FE /* Build configuration list for PBXNativeTarget "SFML-App" */;
			buildPhases = (
				26DE844B245368AD003D05FE /* Sources */,
				26DE844C245368AD003D05FE /* Frameworks */,
				26DE844D245368AD003D05FE /* Resources */,
				26DE844E245368AD003D05FE /* ShellScript */,
			);
			buildRules = (
			);
			dependencies = (
			);
			name = "SFML-App";
			productName = "SFML-App";
			productReference = 26DE8450245368AD003D05FE /* SFML-App.app */;
			productType = "com.apple.product-type.application";
		};
/* End PBXNativeTarget section */

/* Begin PBXProject section */
		26DE8447245368AD003D05FE /* Project object */ = {
			isa = PBXProject;
			attributes = {
				LastUpgradeCheck = 1140;
				ORGANIZATIONNAME = "Jack Erb";
				TargetAttributes = {
					26DE844F245368AD003D05FE = {
						CreatedOnToolsVersion = 11.4.1;
					};
				};
			};
			buildConfigurationList = 26DE844A245368AD003D05FE /* Build configuration list for PBXProject "SFML-App" */;
			compatibilityVersion = "Xcode 9.3";
			developmentRegion = en;
			hasScannedForEncodings = 0;
			knownRegions = (
				en,
				Base,
			);
			mainGroup = 26DE8446245368AD003D05FE;
			productRefGroup = 26DE8451245368AD003D05FE /* Products */;
			projectDirPath = "";
			projectRoot = "";
			targets = (
				26DE844F245368AD003D05FE /* SFML-App */,
			);
		};
/* End PBXProject section */

/* Begin PBXResourcesBuildPhase section */
		26DE844D245368AD003D05FE /* Resources */ = {
			isa = PBXResourcesBuildPhase;
			buildActionMask = 2147483647;
			files = (
				26FE2E3324563D4600051897 /* platform.png in Resources */,
				26D81F2D245549AB00CEAB55 /* icon.png in Resources */,
				2687FCCF245A5FD900D83999 /* dash_7.png in Resources */,
				2687FCD3245A5FD900D83999 /* dash_4.png in Resources */,
				2687FCD4245A5FD900D83999 /* dash_1.png in Resources */,
				2687FCD6245A5FD900D83999 /* dash_3.png in Resources */,
				2687FCCE245A5FD900D83999 /* dash_10.png in Resources */,
				26C589F22455276500D854F5 /* player.png in Resources */,
				2687FCD1245A5FD900D83999 /* dash_0.png in Resources */,
				2687FCD7245A5FD900D83999 /* dash_6.png in Resources */,
				2687FCD0245A5FD900D83999 /* dash_9.png in Resources */,
				2687FCD2245A5FD900D83999 /* dash_2.png in Resources */,
				2687FCD5245A5FD900D83999 /* dash_5.png in Resources */,
				2687FCD8245A5FD900D83999 /* dash_8.png in Resources */,
				26C589F32455276500D854F5 /* stage.png in Resources */,
			);
			runOnlyForDeploymentPostprocessing = 0;
		};
/* End PBXResourcesBuildPhase section */

/* Begin PBXShellScriptBuildPhase section */
		26DE844E245368AD003D05FE /* ShellScript */ = {
			isa = PBXShellScriptBuildPhase;
			buildActionMask = 8;
			files = (
			);
			inputFileListPaths = (
			);
			inputPaths = (
			);
			outputFileListPaths = (
			);
			outputPaths = (
			);
			runOnlyForDeploymentPostprocessing = 1;
			shellPath = /bin/sh;
			shellScript = "# This shell script simply copies required SFML dylibs/frameworks into the application bundle frameworks folder.\n# If you're using static libraries (which is not recommended) you should remove this script from your project.\n\n# SETTINGS\nSFML_DEPENDENCIES_INSTALL_PREFIX=\"/Users/SFML/Desktop/packaging/tmp/install/Library/Frameworks\"\nCMAKE_INSTALL_FRAMEWORK_PREFIX=\"/Users/SFML/Desktop/packaging/tmp/install/Library/Frameworks\"\nCMAKE_INSTALL_LIB_PREFIX=\"/Users/SFML/Desktop/packaging/tmp/install/Library/Frameworks/lib\"\nFRAMEWORKS_FULL_PATH=\"$BUILT_PRODUCTS_DIR/$FRAMEWORKS_FOLDER_PATH/\"\n\n# Are we building a project that uses frameworks or dylibs?\ncase \"$SFML_BINARY_TYPE\" in\n    DYLIBS)\n        frameworks=\"false\"\n        ;;\n    *)\n        frameworks=\"true\"\n        ;;\nesac\n\n# Echoes to stderr\nerror () # $* message to display\n{\n    echo $* 1>&2\n    exit 2\n}\n\nassert () # $1 is a boolean, $2...N is an error message\n{\n    if [ $# -lt 2 ]\n    then\n        error \"Internal error in assert: not enough args\"\n    fi\n\n    if [ $1 -ne 0 ]\n    then\n        shift\n        error \"$*\"\n    fi\n}\n\nforce_remove () # $@ is some paths\n{\n    test $# -ge 1\n    assert $? \"force_remove() requires at least one parameter\"\n    rm -fr $@\n    assert $? \"couldn't remove $@\"\n}\n\ncopy () # $1 is a source, $2 is a destination\n{\n    test $# -eq 2\n    assert $? \"copy() requires two parameters\"\n    ditto \"$1\" \"$2\"\n    assert $? \"couldn't copy $1 to $2\"\n}\n\nrequire () # $1 is a SFML module like 'system' or 'audio'\n{\n    dest=\"$BUILT_PRODUCTS_DIR/$FRAMEWORKS_FOLDER_PATH/\"\n\n    if [ -z \"$1\" ]\n    then\n        error \"require() requires one parameter!\"\n    else\n        # clean potentially old stuff\n        force_remove \"$dest/libsfml-$1\"*\n        force_remove \"$dest/sfml-$1.framework\"\n\n        # copy SFML libraries\n        if [ \"$frameworks\" = \"true\" ]\n        then\n            source=\"$CMAKE_INSTALL_FRAMEWORK_PREFIX/sfml-$1.framework\"\n            target=\"sfml-$1.framework\"\n        elif [ \"$SFML_LINK_DYLIBS_SUFFIX\" = \"-d\" ]\n        then\n            source=\"$CMAKE_INSTALL_LIB_PREFIX/libsfml-$1-d.dylib\"\n            target=\"`readlink $source`\"\n        else\n            source=\"$CMAKE_INSTALL_LIB_PREFIX/libsfml-$1.dylib\"\n            target=\"`readlink $source`\"\n        fi\n\n        copy \"$source\" \"$dest/$target\"\n\n        # copy extra dependencies\n        if [ \"$1\" = \"audio\" ]\n        then\n            # copy \"FLAC\" \"ogg\" \"vorbis\" \"vorbisenc\" \"vorbisfile\" \"OpenAL\" frameworks too\n            for f in \"FLAC\" \"ogg\" \"vorbis\" \"vorbisenc\" \"vorbisfile\" \"OpenAL\"\n            do\n                copy \"$SFML_DEPENDENCIES_INSTALL_PREFIX/$f.framework\" \"$dest/$f.framework\"\n            done\n        elif [ \"$1\" = \"graphics\" ]\n        then\n            copy \"$SFML_DEPENDENCIES_INSTALL_PREFIX/freetype.framework\" \"$dest/freetype.framework\"\n        fi\n    fi\n}\n\nif [ -n \"$SFML_SYSTEM\" ]\nthen\n    require \"system\"\nfi\n\nif [ -n \"$SFML_AUDIO\" ]\nthen\n    require \"audio\"\nfi\n\nif [ -n \"$SFML_NETWORK\" ]\nthen\n    require \"network\"\nfi\n\nif [ -n \"$SFML_WINDOW\" ]\nthen\n    require \"window\"\nfi\n\nif [ -n \"$SFML_GRAPHICS\" ]\nthen\n    require \"graphics\"\nfi\n\n                \n";
		};
/* End PBXShellScriptBuildPhase section */

/* Begin PBXSourcesBuildPhase section */
		26DE844B245368AD003D05FE /* Sources */ = {
			isa = PBXSourcesBuildPhase;
			buildActionMask = 2147483647;
			files = (
				26DE8459245368AD003D05FE /* main.cpp in Sources */,
				26D1489B245949EC0098DD6A /* MathHelper.cpp in Sources */,
				26DE846A24537D4A003D05FE /* GameController.cpp in Sources */,
				26D148952458F3050098DD6A /* AirdodgeState.cpp in Sources */,
				264338D1245CE01C0047C2BE /* NetworkController.cpp in Sources */,
				26FE2E362456484100051897 /* JumpsquatState.cpp in Sources */,
				2682B6942458B5650096E3E9 /* SpriteLoader.cpp in Sources */,
				26DE8456245368AD003D05FE /* ResourcePath.mm in Sources */,
				264338C8245B8AC10047C2BE /* TurnaroundState.cpp in Sources */,
				26384FF02456358D00C966A1 /* Character.cpp in Sources */,
				26AE5F742454A90800862C68 /* PhysicsEngine.cpp in Sources */,
				2682B68B2457B27E0096E3E9 /* LandingLagState.cpp in Sources */,
				2682B685245767960096E3E9 /* AirborneNeutralState.cpp in Sources */,
				26B08BAC24560AB700E86352 /* NeutralState.cpp in Sources */,
				2682B67C245752D40096E3E9 /* DashState.cpp in Sources */,
				26D14898245945F50098DD6A /* AirborneMoveState.cpp in Sources */,
			);
			runOnlyForDeploymentPostprocessing = 0;
		};
/* End PBXSourcesBuildPhase section */

/* Begin XCBuildConfiguration section */
		26DE8463245368AD003D05FE /* Debug */ = {
			isa = XCBuildConfiguration;
			buildSettings = {
				ALWAYS_SEARCH_USER_PATHS = NO;
				ARCHS = "$(NATIVE_ARCH_ACTUAL)";
				CLANG_CXX_LANGUAGE_STANDARD = "c++11";
				CLANG_CXX_LIBRARY = "libc++";
				FRAMEWORK_SEARCH_PATHS = (
					/Library/Frameworks/,
					"$(inherited)",
				);
				GCC_VERSION = com.apple.compilers.llvm.clang.1_0;
				HEADER_SEARCH_PATHS = (
					/usr/local/include/,
					"$(inherited)",
				);
				LIBRARY_SEARCH_PATHS = (
					/usr/local/lib/,
					"$(inherited)",
				);
				MACOSX_DEPLOYMENT_TARGET = 10.7;
				OTHER_LDFLAGS = (
					"$(inherited)",
					"$(SFML_SYSTEM)",
					"$(SFML_WINDOW)",
					"$(SFML_GRAPHICS)",
					"$(SFML_AUDIO)",
					"$(SFML_NETWORK)",
				);
				PRODUCT_BUNDLE_IDENTIFIER = "jackerb.SFML-App";
				SFML_AUDIO = "$(SFML_LINK_PREFIX) sfml-audio$(SFML_LINK_SUFFIX)";
				SFML_BINARY_TYPE = DYLIBS;
				SFML_GRAPHICS = "$(SFML_LINK_PREFIX) sfml-graphics$(SFML_LINK_SUFFIX)";
				SFML_LINK_DYLIBS_PREFIX = "-l";
				SFML_LINK_DYLIBS_SUFFIX = "";
				SFML_LINK_FRAMEWORKS_PREFIX = "-framework";
				SFML_LINK_FRAMEWORKS_SUFFIX = "";
				SFML_LINK_PREFIX = "$(SFML_LINK_$(SFML_BINARY_TYPE)_PREFIX)";
				SFML_LINK_SUFFIX = "$(SFML_LINK_$(SFML_BINARY_TYPE)_SUFFIX)";
				SFML_NETWORK = "$(SFML_LINK_PREFIX) sfml-network$(SFML_LINK_SUFFIX)";
				SFML_SYSTEM = "$(SFML_LINK_PREFIX) sfml-system$(SFML_LINK_SUFFIX)";
				SFML_WINDOW = "$(SFML_LINK_PREFIX) sfml-window$(SFML_LINK_SUFFIX)";
				SUPPORTED_PLATFORMS = macosx;
			};
			name = Debug;
		};
		26DE8464245368AD003D05FE /* Release */ = {
			isa = XCBuildConfiguration;
			buildSettings = {
				ALWAYS_SEARCH_USER_PATHS = NO;
				ARCHS = "$(NATIVE_ARCH_ACTUAL)";
				CLANG_CXX_LANGUAGE_STANDARD = "c++11";
				CLANG_CXX_LIBRARY = "libc++";
				FRAMEWORK_SEARCH_PATHS = (
					/Library/Frameworks/,
					"$(inherited)",
				);
				GCC_VERSION = com.apple.compilers.llvm.clang.1_0;
				HEADER_SEARCH_PATHS = (
					/usr/local/include/,
					"$(inherited)",
				);
				LIBRARY_SEARCH_PATHS = (
					/usr/local/lib/,
					"$(inherited)",
				);
				MACOSX_DEPLOYMENT_TARGET = 10.7;
				OTHER_LDFLAGS = (
					"$(inherited)",
					"$(SFML_SYSTEM)",
					"$(SFML_WINDOW)",
					"$(SFML_GRAPHICS)",
					"$(SFML_AUDIO)",
					"$(SFML_NETWORK)",
				);
				PRODUCT_BUNDLE_IDENTIFIER = "jackerb.SFML-App";
				SFML_AUDIO = "$(SFML_LINK_PREFIX) sfml-audio$(SFML_LINK_SUFFIX)";
				SFML_BINARY_TYPE = DYLIBS;
				SFML_GRAPHICS = "$(SFML_LINK_PREFIX) sfml-graphics$(SFML_LINK_SUFFIX)";
				SFML_LINK_DYLIBS_PREFIX = "-l";
				SFML_LINK_DYLIBS_SUFFIX = "";
				SFML_LINK_FRAMEWORKS_PREFIX = "-framework";
				SFML_LINK_FRAMEWORKS_SUFFIX = "";
				SFML_LINK_PREFIX = "$(SFML_LINK_$(SFML_BINARY_TYPE)_PREFIX)";
				SFML_LINK_SUFFIX = "$(SFML_LINK_$(SFML_BINARY_TYPE)_SUFFIX)";
				SFML_NETWORK = "$(SFML_LINK_PREFIX) sfml-network$(SFML_LINK_SUFFIX)";
				SFML_SYSTEM = "$(SFML_LINK_PREFIX) sfml-system$(SFML_LINK_SUFFIX)";
				SFML_WINDOW = "$(SFML_LINK_PREFIX) sfml-window$(SFML_LINK_SUFFIX)";
				SUPPORTED_PLATFORMS = macosx;
			};
			name = Release;
		};
		26DE8466245368AD003D05FE /* Debug */ = {
			isa = XCBuildConfiguration;
			buildSettings = {
				CODE_SIGN_STYLE = Automatic;
				INFOPLIST_FILE = "SFML-App/SFML-App-Info.plist";
				LD_RUNPATH_SEARCH_PATHS = "@loader_path/../Frameworks";
				PRODUCT_NAME = "$(TARGET_NAME)";
			};
			name = Debug;
		};
		26DE8467245368AD003D05FE /* Release */ = {
			isa = XCBuildConfiguration;
			buildSettings = {
				CODE_SIGN_STYLE = Automatic;
				INFOPLIST_FILE = "SFML-App/SFML-App-Info.plist";
				LD_RUNPATH_SEARCH_PATHS = "@loader_path/../Frameworks";
				PRODUCT_NAME = "$(TARGET_NAME)";
			};
			name = Release;
		};
/* End XCBuildConfiguration section */

/* Begin XCConfigurationList section */
		26DE844A245368AD003D05FE /* Build configuration list for PBXProject "SFML-App" */ = {
			isa = XCConfigurationList;
			buildConfigurations = (
				26DE8463245368AD003D05FE /* Debug */,
				26DE8464245368AD003D05FE /* Release */,
			);
			defaultConfigurationIsVisible = 0;
			defaultConfigurationName = Release;
		};
		26DE8465245368AD003D05FE /* Build configuration list for PBXNativeTarget "SFML-App" */ = {
			isa = XCConfigurationList;
			buildConfigurations = (
				26DE8466245368AD003D05FE /* Debug */,
				26DE8467245368AD003D05FE /* Release */,
			);
			defaultConfigurationIsVisible = 0;
			defaultConfigurationName = Release;
		};
/* End XCConfigurationList section */
	};
	rootObject = 26DE8447245368AD003D05FE /* Project object */;
}
